// !$*UTF8*$!
{
	archiveVersion = 1;
	classes = {
	};
	objectVersion = 51;
	objects = {

/* Begin PBXBuildFile section */
		1A141318235F51F20001417E /* ClassScheduleViewController.m in Sources */ = {isa = PBXBuildFile; fileRef = 1A141317235F51F20001417E /* ClassScheduleViewController.m */; };
		1A141320235F521C0001417E /* BaseTableViewController.m in Sources */ = {isa = PBXBuildFile; fileRef = 1A14131A235F521C0001417E /* BaseTableViewController.m */; };
		1A141321235F521C0001417E /* BaseViewController.m in Sources */ = {isa = PBXBuildFile; fileRef = 1A14131B235F521C0001417E /* BaseViewController.m */; };
		1A141322235F521C0001417E /* BaseNavigationController.m in Sources */ = {isa = PBXBuildFile; fileRef = 1A14131C235F521C0001417E /* BaseNavigationController.m */; };
		1A141329235F52290001417E /* DiscoverViewController.m in Sources */ = {isa = PBXBuildFile; fileRef = 1A141328235F52290001417E /* DiscoverViewController.m */; };
		1A141330235F523B0001417E /* MineViewController.m in Sources */ = {isa = PBXBuildFile; fileRef = 1A14132F235F523B0001417E /* MineViewController.m */; };
		1A141338235F52440001417E /* QAQuestionsViewController.m in Sources */ = {isa = PBXBuildFile; fileRef = 1A141337235F52440001417E /* QAQuestionsViewController.m */; };
		1A141365235F524B0001417E /* UIFont+AdaptiveFont.m in Sources */ = {isa = PBXBuildFile; fileRef = 1A14133B235F524B0001417E /* UIFont+AdaptiveFont.m */; };
		1A141366235F524B0001417E /* AESCipher.m in Sources */ = {isa = PBXBuildFile; fileRef = 1A14133E235F524B0001417E /* AESCipher.m */; };
		1A141367235F524B0001417E /* NetWork.m in Sources */ = {isa = PBXBuildFile; fileRef = 1A141346235F524B0001417E /* NetWork.m */; };
		1A141368235F524B0001417E /* HttpClient.m in Sources */ = {isa = PBXBuildFile; fileRef = 1A141347235F524B0001417E /* HttpClient.m */; };
		1A141369235F524B0001417E /* HCHttp.m in Sources */ = {isa = PBXBuildFile; fileRef = 1A141349235F524B0001417E /* HCHttp.m */; };
		1A14136A235F524B0001417E /* ORWRequestCache.m in Sources */ = {isa = PBXBuildFile; fileRef = 1A14134A235F524B0001417E /* ORWRequestCache.m */; };
		1A14136B235F524B0001417E /* MOHImageParamModel.m in Sources */ = {isa = PBXBuildFile; fileRef = 1A14134B235F524B0001417E /* MOHImageParamModel.m */; };
		1A14136C235F524B0001417E /* UIViewController+BackButtonHandler.m in Sources */ = {isa = PBXBuildFile; fileRef = 1A141350235F524B0001417E /* UIViewController+BackButtonHandler.m */; };
		1A14136D235F524B0001417E /* UIImage+Helper.m in Sources */ = {isa = PBXBuildFile; fileRef = 1A141351235F524B0001417E /* UIImage+Helper.m */; };
		1A14136E235F524B0001417E /* NSString+Emoji.m in Sources */ = {isa = PBXBuildFile; fileRef = 1A141352235F524B0001417E /* NSString+Emoji.m */; };
		1A14136F235F524B0001417E /* UserDefaultTool.m in Sources */ = {isa = PBXBuildFile; fileRef = 1A141353235F524B0001417E /* UserDefaultTool.m */; };
		1A141370235F524B0001417E /* UILabel+Adapter.m in Sources */ = {isa = PBXBuildFile; fileRef = 1A141355235F524B0001417E /* UILabel+Adapter.m */; };
		1A141371235F524B0001417E /* CAShapeLayer+ViewMask.m in Sources */ = {isa = PBXBuildFile; fileRef = 1A141356235F524B0001417E /* CAShapeLayer+ViewMask.m */; };
		1A141372235F524B0001417E /* NSDate+schoolDate.m in Sources */ = {isa = PBXBuildFile; fileRef = 1A141357235F524B0001417E /* NSDate+schoolDate.m */; };
		1A141373235F524B0001417E /* UIColor+Helper.m in Sources */ = {isa = PBXBuildFile; fileRef = 1A141358235F524B0001417E /* UIColor+Helper.m */; };
		1A141374235F524B0001417E /* NSNull+Helper.m in Sources */ = {isa = PBXBuildFile; fileRef = 1A141359235F524B0001417E /* NSNull+Helper.m */; };
		1A141375235F524B0001417E /* UIImage+ImageEffects.m in Sources */ = {isa = PBXBuildFile; fileRef = 1A14135A235F524B0001417E /* UIImage+ImageEffects.m */; };
		1A141376235F524B0001417E /* UIImage+Color.m in Sources */ = {isa = PBXBuildFile; fileRef = 1A14135B235F524B0001417E /* UIImage+Color.m */; };
		1A141377235F524B0001417E /* SYCSegmentViewButton.m in Sources */ = {isa = PBXBuildFile; fileRef = 1A141361235F524B0001417E /* SYCSegmentViewButton.m */; };
		1A141378235F524B0001417E /* SYCSegmentView.m in Sources */ = {isa = PBXBuildFile; fileRef = 1A141362235F524B0001417E /* SYCSegmentView.m */; };
		1A31062F23770C7300A56468 /* Mine.xcassets in Resources */ = {isa = PBXBuildFile; fileRef = 1A31062E23770C7300A56468 /* Mine.xcassets */; };
		1A3106312377173B00A56468 /* Impact.ttf in Resources */ = {isa = PBXBuildFile; fileRef = 1A310630237711A800A56468 /* Impact.ttf */; };
		1A5A5EDB23600C9100543BAE /* LoginViewController.xib in Resources */ = {isa = PBXBuildFile; fileRef = 1A5A5ED823600C9100543BAE /* LoginViewController.xib */; };
		1A5A5EDC23600C9100543BAE /* LoginViewController.m in Sources */ = {isa = PBXBuildFile; fileRef = 1A5A5EDA23600C9100543BAE /* LoginViewController.m */; };
		1A5A5EDE23600CBE00543BAE /* Login.xcassets in Resources */ = {isa = PBXBuildFile; fileRef = 1A5A5EDD23600CBE00543BAE /* Login.xcassets */; };
		1A5A5EE52360100B00543BAE /* UserItem.m in Sources */ = {isa = PBXBuildFile; fileRef = 1A5A5EE42360100B00543BAE /* UserItem.m */; };
		1A5A5EE8236021FE00543BAE /* LoginPresenter.m in Sources */ = {isa = PBXBuildFile; fileRef = 1A5A5EE7236021FE00543BAE /* LoginPresenter.m */; };
		1A5A5EEB236022C500543BAE /* LoginModel.m in Sources */ = {isa = PBXBuildFile; fileRef = 1A5A5EEA236022C500543BAE /* LoginModel.m */; };
		1A5A5EF12361A82E00543BAE /* UserItemTool.m in Sources */ = {isa = PBXBuildFile; fileRef = 1A5A5EF02361A82E00543BAE /* UserItemTool.m */; };
		1A7BAC662369AC2900CA512D /* MineContentView.m in Sources */ = {isa = PBXBuildFile; fileRef = 1A7BAC652369AC2900CA512D /* MineContentView.m */; };
		1A7BAC692369B28400CA512D /* MineHeaderView.m in Sources */ = {isa = PBXBuildFile; fileRef = 1A7BAC682369B28400CA512D /* MineHeaderView.m */; };
		1A9B766C235F50A600725937 /* AppDelegate.m in Sources */ = {isa = PBXBuildFile; fileRef = 1A9B766B235F50A600725937 /* AppDelegate.m */; };
		1A9B7672235F50A600725937 /* Main.storyboard in Resources */ = {isa = PBXBuildFile; fileRef = 1A9B7670235F50A600725937 /* Main.storyboard */; };
		1A9B7674235F50A800725937 /* Assets.xcassets in Resources */ = {isa = PBXBuildFile; fileRef = 1A9B7673235F50A800725937 /* Assets.xcassets */; };
		1A9B7677235F50A800725937 /* LaunchScreen.storyboard in Resources */ = {isa = PBXBuildFile; fileRef = 1A9B7675235F50A800725937 /* LaunchScreen.storyboard */; };
		1A9B767A235F50A800725937 /* main.m in Sources */ = {isa = PBXBuildFile; fileRef = 1A9B7679235F50A800725937 /* main.m */; };
		1A9B7684235F50A900725937 /* CyxbsMobile2019_iOSTests.m in Sources */ = {isa = PBXBuildFile; fileRef = 1A9B7683235F50A900725937 /* CyxbsMobile2019_iOSTests.m */; };
		1A9B768F235F50A900725937 /* CyxbsMobile2019_iOSUITests.m in Sources */ = {isa = PBXBuildFile; fileRef = 1A9B768E235F50A900725937 /* CyxbsMobile2019_iOSUITests.m */; };
		1AAFACF8236B360F00E854A3 /* MinePresenter.m in Sources */ = {isa = PBXBuildFile; fileRef = 1AAFACF7236B360F00E854A3 /* MinePresenter.m */; };
		1AF4B6072362EBFE00A0823A /* NSDate+Timestamp.m in Sources */ = {isa = PBXBuildFile; fileRef = 1AF4B6062362EBFE00A0823A /* NSDate+Timestamp.m */; };
		2A484C14CCF353BF33ED4EE4 /* libPods-CyxbsMobile2019_iOS.a in Frameworks */ = {isa = PBXBuildFile; fileRef = 0913CE267FCBD5EB99727800 /* libPods-CyxbsMobile2019_iOS.a */; };
		EE062F342377F5D600E5919E /* OneNewsItem.m in Sources */ = {isa = PBXBuildFile; fileRef = EE062F332377F5D600E5919E /* OneNewsItem.m */; };
		EE3C180C23715BAD004233C5 /* VolunteerModel.m in Sources */ = {isa = PBXBuildFile; fileRef = EE3C180B23715BAD004233C5 /* VolunteerModel.m */; };
		EE67A4EC237E60F500BCF5F4 /* FinderToolViewItem.m in Sources */ = {isa = PBXBuildFile; fileRef = EE67A4EB237E60F500BCF5F4 /* FinderToolViewItem.m */; };
		EE67A4EF237E691B00BCF5F4 /* LQQFinderToolViewController.m in Sources */ = {isa = PBXBuildFile; fileRef = EE67A4EE237E691B00BCF5F4 /* LQQFinderToolViewController.m */; };
		EE80AE002377B6660003023C /* ElectricFeeItem.m in Sources */ = {isa = PBXBuildFile; fileRef = EE80ADFF2377B6660003023C /* ElectricFeeItem.m */; };
		EE899DE32367D89A00DDB0D9 /* ElectricFeeModel.m in Sources */ = {isa = PBXBuildFile; fileRef = EE899DD32367D89900DDB0D9 /* ElectricFeeModel.m */; };
		EE899DE52367D89A00DDB0D9 /* NewDiscover6.0Media.xcassets in Resources */ = {isa = PBXBuildFile; fileRef = EE899DD82367D89900DDB0D9 /* NewDiscover6.0Media.xcassets */; };
		EE899DE62367D89A00DDB0D9 /* EnterButton.m in Sources */ = {isa = PBXBuildFile; fileRef = EE899DDB2367D89900DDB0D9 /* EnterButton.m */; };
		EE899DE72367D89A00DDB0D9 /* LQQFinderView.m in Sources */ = {isa = PBXBuildFile; fileRef = EE899DDC2367D89900DDB0D9 /* LQQFinderView.m */; };
		EE899DE82367D89A00DDB0D9 /* LQQGlanceView.m in Sources */ = {isa = PBXBuildFile; fileRef = EE899DDD2367D89900DDB0D9 /* LQQGlanceView.m */; };
		EE899DEA2367DB2600DDB0D9 /* Bahnschrift.ttf in Resources */ = {isa = PBXBuildFile; fileRef = EE899DDE2367D89900DDB0D9 /* Bahnschrift.ttf */; };
		EE899DEF2369A19B00DDB0D9 /* OneNewsModel.m in Sources */ = {isa = PBXBuildFile; fileRef = EE899DEE2369A19B00DDB0D9 /* OneNewsModel.m */; };
/* End PBXBuildFile section */

/* Begin PBXContainerItemProxy section */
		1A9B7680235F50A900725937 /* PBXContainerItemProxy */ = {
			isa = PBXContainerItemProxy;
			containerPortal = 1A9B765F235F50A600725937 /* Project object */;
			proxyType = 1;
			remoteGlobalIDString = 1A9B7666235F50A600725937;
			remoteInfo = CyxbsMobile2019_iOS;
		};
		1A9B768B235F50A900725937 /* PBXContainerItemProxy */ = {
			isa = PBXContainerItemProxy;
			containerPortal = 1A9B765F235F50A600725937 /* Project object */;
			proxyType = 1;
			remoteGlobalIDString = 1A9B7666235F50A600725937;
			remoteInfo = CyxbsMobile2019_iOS;
		};
/* End PBXContainerItemProxy section */

/* Begin PBXFileReference section */
		0913CE267FCBD5EB99727800 /* libPods-CyxbsMobile2019_iOS.a */ = {isa = PBXFileReference; explicitFileType = archive.ar; includeInIndex = 0; path = "libPods-CyxbsMobile2019_iOS.a"; sourceTree = BUILT_PRODUCTS_DIR; };
		1A141316235F51F20001417E /* ClassScheduleViewController.h */ = {isa = PBXFileReference; fileEncoding = 4; lastKnownFileType = sourcecode.c.h; path = ClassScheduleViewController.h; sourceTree = "<group>"; };
		1A141317235F51F20001417E /* ClassScheduleViewController.m */ = {isa = PBXFileReference; fileEncoding = 4; lastKnownFileType = sourcecode.c.objc; path = ClassScheduleViewController.m; sourceTree = "<group>"; };
		1A14131A235F521C0001417E /* BaseTableViewController.m */ = {isa = PBXFileReference; fileEncoding = 4; lastKnownFileType = sourcecode.c.objc; path = BaseTableViewController.m; sourceTree = "<group>"; };
		1A14131B235F521C0001417E /* BaseViewController.m */ = {isa = PBXFileReference; fileEncoding = 4; lastKnownFileType = sourcecode.c.objc; path = BaseViewController.m; sourceTree = "<group>"; };
		1A14131C235F521C0001417E /* BaseNavigationController.m */ = {isa = PBXFileReference; fileEncoding = 4; lastKnownFileType = sourcecode.c.objc; path = BaseNavigationController.m; sourceTree = "<group>"; };
		1A14131D235F521C0001417E /* BaseTableViewController.h */ = {isa = PBXFileReference; fileEncoding = 4; lastKnownFileType = sourcecode.c.h; path = BaseTableViewController.h; sourceTree = "<group>"; };
		1A14131E235F521C0001417E /* BaseNavigationController.h */ = {isa = PBXFileReference; fileEncoding = 4; lastKnownFileType = sourcecode.c.h; path = BaseNavigationController.h; sourceTree = "<group>"; };
		1A14131F235F521C0001417E /* BaseViewController.h */ = {isa = PBXFileReference; fileEncoding = 4; lastKnownFileType = sourcecode.c.h; path = BaseViewController.h; sourceTree = "<group>"; };
		1A141327235F52290001417E /* DiscoverViewController.h */ = {isa = PBXFileReference; fileEncoding = 4; lastKnownFileType = sourcecode.c.h; path = DiscoverViewController.h; sourceTree = "<group>"; };
		1A141328235F52290001417E /* DiscoverViewController.m */ = {isa = PBXFileReference; fileEncoding = 4; lastKnownFileType = sourcecode.c.objc; path = DiscoverViewController.m; sourceTree = "<group>"; };
		1A14132E235F523B0001417E /* MineViewController.h */ = {isa = PBXFileReference; fileEncoding = 4; lastKnownFileType = sourcecode.c.h; path = MineViewController.h; sourceTree = "<group>"; };
		1A14132F235F523B0001417E /* MineViewController.m */ = {isa = PBXFileReference; fileEncoding = 4; lastKnownFileType = sourcecode.c.objc; path = MineViewController.m; sourceTree = "<group>"; };
		1A141336235F52440001417E /* QAQuestionsViewController.h */ = {isa = PBXFileReference; fileEncoding = 4; lastKnownFileType = sourcecode.c.h; path = QAQuestionsViewController.h; sourceTree = "<group>"; };
		1A141337235F52440001417E /* QAQuestionsViewController.m */ = {isa = PBXFileReference; fileEncoding = 4; lastKnownFileType = sourcecode.c.objc; path = QAQuestionsViewController.m; sourceTree = "<group>"; };
		1A14133A235F524B0001417E /* UILabel+Adapter.h */ = {isa = PBXFileReference; fileEncoding = 4; lastKnownFileType = sourcecode.c.h; path = "UILabel+Adapter.h"; sourceTree = "<group>"; };
		1A14133B235F524B0001417E /* UIFont+AdaptiveFont.m */ = {isa = PBXFileReference; fileEncoding = 4; lastKnownFileType = sourcecode.c.objc; path = "UIFont+AdaptiveFont.m"; sourceTree = "<group>"; };
		1A14133C235F524B0001417E /* NSNull+Helper.h */ = {isa = PBXFileReference; fileEncoding = 4; lastKnownFileType = sourcecode.c.h; path = "NSNull+Helper.h"; sourceTree = "<group>"; };
		1A14133E235F524B0001417E /* AESCipher.m */ = {isa = PBXFileReference; fileEncoding = 4; lastKnownFileType = sourcecode.c.objc; path = AESCipher.m; sourceTree = "<group>"; };
		1A14133F235F524B0001417E /* AESCipher.h */ = {isa = PBXFileReference; fileEncoding = 4; lastKnownFileType = sourcecode.c.h; path = AESCipher.h; sourceTree = "<group>"; };
		1A141340235F524B0001417E /* UIColor+Helper.h */ = {isa = PBXFileReference; fileEncoding = 4; lastKnownFileType = sourcecode.c.h; path = "UIColor+Helper.h"; sourceTree = "<group>"; };
		1A141341235F524B0001417E /* NSDate+schoolDate.h */ = {isa = PBXFileReference; fileEncoding = 4; lastKnownFileType = sourcecode.c.h; path = "NSDate+schoolDate.h"; sourceTree = "<group>"; };
		1A141342235F524B0001417E /* CAShapeLayer+ViewMask.h */ = {isa = PBXFileReference; fileEncoding = 4; lastKnownFileType = sourcecode.c.h; path = "CAShapeLayer+ViewMask.h"; sourceTree = "<group>"; };
		1A141343235F524B0001417E /* UIImage+Color.h */ = {isa = PBXFileReference; fileEncoding = 4; lastKnownFileType = sourcecode.c.h; path = "UIImage+Color.h"; sourceTree = "<group>"; };
		1A141344235F524B0001417E /* UIImage+ImageEffects.h */ = {isa = PBXFileReference; fileEncoding = 4; lastKnownFileType = sourcecode.c.h; path = "UIImage+ImageEffects.h"; sourceTree = "<group>"; };
		1A141346235F524B0001417E /* NetWork.m */ = {isa = PBXFileReference; fileEncoding = 4; lastKnownFileType = sourcecode.c.objc; path = NetWork.m; sourceTree = "<group>"; };
		1A141347235F524B0001417E /* HttpClient.m */ = {isa = PBXFileReference; fileEncoding = 4; lastKnownFileType = sourcecode.c.objc; path = HttpClient.m; sourceTree = "<group>"; };
		1A141348235F524B0001417E /* MOHImageParamModel.h */ = {isa = PBXFileReference; fileEncoding = 4; lastKnownFileType = sourcecode.c.h; path = MOHImageParamModel.h; sourceTree = "<group>"; };
		1A141349235F524B0001417E /* HCHttp.m */ = {isa = PBXFileReference; fileEncoding = 4; lastKnownFileType = sourcecode.c.objc; path = HCHttp.m; sourceTree = "<group>"; };
		1A14134A235F524B0001417E /* ORWRequestCache.m */ = {isa = PBXFileReference; fileEncoding = 4; lastKnownFileType = sourcecode.c.objc; path = ORWRequestCache.m; sourceTree = "<group>"; };
		1A14134B235F524B0001417E /* MOHImageParamModel.m */ = {isa = PBXFileReference; fileEncoding = 4; lastKnownFileType = sourcecode.c.objc; path = MOHImageParamModel.m; sourceTree = "<group>"; };
		1A14134C235F524B0001417E /* HttpClient.h */ = {isa = PBXFileReference; fileEncoding = 4; lastKnownFileType = sourcecode.c.h; path = HttpClient.h; sourceTree = "<group>"; };
		1A14134D235F524B0001417E /* NetWork.h */ = {isa = PBXFileReference; fileEncoding = 4; lastKnownFileType = sourcecode.c.h; path = NetWork.h; sourceTree = "<group>"; };
		1A14134E235F524B0001417E /* HCHttp.h */ = {isa = PBXFileReference; fileEncoding = 4; lastKnownFileType = sourcecode.c.h; path = HCHttp.h; sourceTree = "<group>"; };
		1A14134F235F524B0001417E /* ORWRequestCache.h */ = {isa = PBXFileReference; fileEncoding = 4; lastKnownFileType = sourcecode.c.h; path = ORWRequestCache.h; sourceTree = "<group>"; };
		1A141350235F524B0001417E /* UIViewController+BackButtonHandler.m */ = {isa = PBXFileReference; fileEncoding = 4; lastKnownFileType = sourcecode.c.objc; path = "UIViewController+BackButtonHandler.m"; sourceTree = "<group>"; };
		1A141351235F524B0001417E /* UIImage+Helper.m */ = {isa = PBXFileReference; fileEncoding = 4; lastKnownFileType = sourcecode.c.objc; path = "UIImage+Helper.m"; sourceTree = "<group>"; };
		1A141352235F524B0001417E /* NSString+Emoji.m */ = {isa = PBXFileReference; fileEncoding = 4; lastKnownFileType = sourcecode.c.objc; path = "NSString+Emoji.m"; sourceTree = "<group>"; };
		1A141353235F524B0001417E /* UserDefaultTool.m */ = {isa = PBXFileReference; fileEncoding = 4; lastKnownFileType = sourcecode.c.objc; path = UserDefaultTool.m; sourceTree = "<group>"; };
		1A141354235F524B0001417E /* UIFont+AdaptiveFont.h */ = {isa = PBXFileReference; fileEncoding = 4; lastKnownFileType = sourcecode.c.h; path = "UIFont+AdaptiveFont.h"; sourceTree = "<group>"; };
		1A141355235F524B0001417E /* UILabel+Adapter.m */ = {isa = PBXFileReference; fileEncoding = 4; lastKnownFileType = sourcecode.c.objc; path = "UILabel+Adapter.m"; sourceTree = "<group>"; };
		1A141356235F524B0001417E /* CAShapeLayer+ViewMask.m */ = {isa = PBXFileReference; fileEncoding = 4; lastKnownFileType = sourcecode.c.objc; path = "CAShapeLayer+ViewMask.m"; sourceTree = "<group>"; };
		1A141357235F524B0001417E /* NSDate+schoolDate.m */ = {isa = PBXFileReference; fileEncoding = 4; lastKnownFileType = sourcecode.c.objc; path = "NSDate+schoolDate.m"; sourceTree = "<group>"; };
		1A141358235F524B0001417E /* UIColor+Helper.m */ = {isa = PBXFileReference; fileEncoding = 4; lastKnownFileType = sourcecode.c.objc; path = "UIColor+Helper.m"; sourceTree = "<group>"; };
		1A141359235F524B0001417E /* NSNull+Helper.m */ = {isa = PBXFileReference; fileEncoding = 4; lastKnownFileType = sourcecode.c.objc; path = "NSNull+Helper.m"; sourceTree = "<group>"; };
		1A14135A235F524B0001417E /* UIImage+ImageEffects.m */ = {isa = PBXFileReference; fileEncoding = 4; lastKnownFileType = sourcecode.c.objc; path = "UIImage+ImageEffects.m"; sourceTree = "<group>"; };
		1A14135B235F524B0001417E /* UIImage+Color.m */ = {isa = PBXFileReference; fileEncoding = 4; lastKnownFileType = sourcecode.c.objc; path = "UIImage+Color.m"; sourceTree = "<group>"; };
		1A14135C235F524B0001417E /* UserDefaultTool.h */ = {isa = PBXFileReference; fileEncoding = 4; lastKnownFileType = sourcecode.c.h; path = UserDefaultTool.h; sourceTree = "<group>"; };
		1A14135D235F524B0001417E /* NSString+Emoji.h */ = {isa = PBXFileReference; fileEncoding = 4; lastKnownFileType = sourcecode.c.h; path = "NSString+Emoji.h"; sourceTree = "<group>"; };
		1A14135E235F524B0001417E /* UIImage+Helper.h */ = {isa = PBXFileReference; fileEncoding = 4; lastKnownFileType = sourcecode.c.h; path = "UIImage+Helper.h"; sourceTree = "<group>"; };
		1A14135F235F524B0001417E /* UIViewController+BackButtonHandler.h */ = {isa = PBXFileReference; fileEncoding = 4; lastKnownFileType = sourcecode.c.h; path = "UIViewController+BackButtonHandler.h"; sourceTree = "<group>"; };
		1A141361235F524B0001417E /* SYCSegmentViewButton.m */ = {isa = PBXFileReference; fileEncoding = 4; lastKnownFileType = sourcecode.c.objc; path = SYCSegmentViewButton.m; sourceTree = "<group>"; };
		1A141362235F524B0001417E /* SYCSegmentView.m */ = {isa = PBXFileReference; fileEncoding = 4; lastKnownFileType = sourcecode.c.objc; path = SYCSegmentView.m; sourceTree = "<group>"; };
		1A141363235F524B0001417E /* SYCSegmentViewButton.h */ = {isa = PBXFileReference; fileEncoding = 4; lastKnownFileType = sourcecode.c.h; path = SYCSegmentViewButton.h; sourceTree = "<group>"; };
		1A141364235F524B0001417E /* SYCSegmentView.h */ = {isa = PBXFileReference; fileEncoding = 4; lastKnownFileType = sourcecode.c.h; path = SYCSegmentView.h; sourceTree = "<group>"; };
		1A141379235F52550001417E /* PrefixHeader.pch */ = {isa = PBXFileReference; lastKnownFileType = sourcecode.c.h; path = PrefixHeader.pch; sourceTree = "<group>"; };
		1A31062E23770C7300A56468 /* Mine.xcassets */ = {isa = PBXFileReference; lastKnownFileType = folder.assetcatalog; path = Mine.xcassets; sourceTree = "<group>"; };
		1A310630237711A800A56468 /* Impact.ttf */ = {isa = PBXFileReference; lastKnownFileType = file; path = Impact.ttf; sourceTree = "<group>"; };
		1A5A5ED823600C9100543BAE /* LoginViewController.xib */ = {isa = PBXFileReference; fileEncoding = 4; lastKnownFileType = file.xib; path = LoginViewController.xib; sourceTree = "<group>"; };
		1A5A5ED923600C9100543BAE /* LoginViewController.h */ = {isa = PBXFileReference; fileEncoding = 4; lastKnownFileType = sourcecode.c.h; path = LoginViewController.h; sourceTree = "<group>"; };
		1A5A5EDA23600C9100543BAE /* LoginViewController.m */ = {isa = PBXFileReference; fileEncoding = 4; lastKnownFileType = sourcecode.c.objc; path = LoginViewController.m; sourceTree = "<group>"; };
		1A5A5EDD23600CBE00543BAE /* Login.xcassets */ = {isa = PBXFileReference; lastKnownFileType = folder.assetcatalog; path = Login.xcassets; sourceTree = "<group>"; };
		1A5A5EE32360100B00543BAE /* UserItem.h */ = {isa = PBXFileReference; lastKnownFileType = sourcecode.c.h; path = UserItem.h; sourceTree = "<group>"; };
		1A5A5EE42360100B00543BAE /* UserItem.m */ = {isa = PBXFileReference; lastKnownFileType = sourcecode.c.objc; path = UserItem.m; sourceTree = "<group>"; };
		1A5A5EE6236021FE00543BAE /* LoginPresenter.h */ = {isa = PBXFileReference; lastKnownFileType = sourcecode.c.h; path = LoginPresenter.h; sourceTree = "<group>"; };
		1A5A5EE7236021FE00543BAE /* LoginPresenter.m */ = {isa = PBXFileReference; lastKnownFileType = sourcecode.c.objc; path = LoginPresenter.m; sourceTree = "<group>"; };
		1A5A5EE9236022C500543BAE /* LoginModel.h */ = {isa = PBXFileReference; lastKnownFileType = sourcecode.c.h; path = LoginModel.h; sourceTree = "<group>"; };
		1A5A5EEA236022C500543BAE /* LoginModel.m */ = {isa = PBXFileReference; lastKnownFileType = sourcecode.c.objc; path = LoginModel.m; sourceTree = "<group>"; };
		1A5A5EEE2360298900543BAE /* LoginViewProtocol.h */ = {isa = PBXFileReference; lastKnownFileType = sourcecode.c.h; path = LoginViewProtocol.h; sourceTree = "<group>"; };
		1A5A5EEF2361A82E00543BAE /* UserItemTool.h */ = {isa = PBXFileReference; lastKnownFileType = sourcecode.c.h; path = UserItemTool.h; sourceTree = "<group>"; };
		1A5A5EF02361A82E00543BAE /* UserItemTool.m */ = {isa = PBXFileReference; lastKnownFileType = sourcecode.c.objc; path = UserItemTool.m; sourceTree = "<group>"; };
		1A7BAC642369AC2900CA512D /* MineContentView.h */ = {isa = PBXFileReference; lastKnownFileType = sourcecode.c.h; path = MineContentView.h; sourceTree = "<group>"; };
		1A7BAC652369AC2900CA512D /* MineContentView.m */ = {isa = PBXFileReference; lastKnownFileType = sourcecode.c.objc; path = MineContentView.m; sourceTree = "<group>"; };
		1A7BAC672369B28400CA512D /* MineHeaderView.h */ = {isa = PBXFileReference; lastKnownFileType = sourcecode.c.h; path = MineHeaderView.h; sourceTree = "<group>"; };
		1A7BAC682369B28400CA512D /* MineHeaderView.m */ = {isa = PBXFileReference; lastKnownFileType = sourcecode.c.objc; path = MineHeaderView.m; sourceTree = "<group>"; };
		1A7BAC6A2369C93400CA512D /* MineContentViewProtocol.h */ = {isa = PBXFileReference; lastKnownFileType = sourcecode.c.h; path = MineContentViewProtocol.h; sourceTree = "<group>"; };
		1A9B7667235F50A600725937 /* 掌上重邮.app */ = {isa = PBXFileReference; explicitFileType = wrapper.application; includeInIndex = 0; path = "掌上重邮.app"; sourceTree = BUILT_PRODUCTS_DIR; };
		1A9B766A235F50A600725937 /* AppDelegate.h */ = {isa = PBXFileReference; lastKnownFileType = sourcecode.c.h; path = AppDelegate.h; sourceTree = "<group>"; };
		1A9B766B235F50A600725937 /* AppDelegate.m */ = {isa = PBXFileReference; lastKnownFileType = sourcecode.c.objc; path = AppDelegate.m; sourceTree = "<group>"; };
		1A9B7671235F50A600725937 /* Base */ = {isa = PBXFileReference; lastKnownFileType = file.storyboard; name = Base; path = Base.lproj/Main.storyboard; sourceTree = "<group>"; };
		1A9B7673235F50A800725937 /* Assets.xcassets */ = {isa = PBXFileReference; lastKnownFileType = folder.assetcatalog; path = Assets.xcassets; sourceTree = "<group>"; };
		1A9B7676235F50A800725937 /* Base */ = {isa = PBXFileReference; lastKnownFileType = file.storyboard; name = Base; path = Base.lproj/LaunchScreen.storyboard; sourceTree = "<group>"; };
		1A9B7678235F50A800725937 /* Info.plist */ = {isa = PBXFileReference; lastKnownFileType = text.plist.xml; path = Info.plist; sourceTree = "<group>"; };
		1A9B7679235F50A800725937 /* main.m */ = {isa = PBXFileReference; lastKnownFileType = sourcecode.c.objc; path = main.m; sourceTree = "<group>"; };
		1A9B767F235F50A900725937 /* CyxbsMobile2019_iOSTests.xctest */ = {isa = PBXFileReference; explicitFileType = wrapper.cfbundle; includeInIndex = 0; path = CyxbsMobile2019_iOSTests.xctest; sourceTree = BUILT_PRODUCTS_DIR; };
		1A9B7683235F50A900725937 /* CyxbsMobile2019_iOSTests.m */ = {isa = PBXFileReference; lastKnownFileType = sourcecode.c.objc; path = CyxbsMobile2019_iOSTests.m; sourceTree = "<group>"; };
		1A9B7685235F50A900725937 /* Info.plist */ = {isa = PBXFileReference; lastKnownFileType = text.plist.xml; path = Info.plist; sourceTree = "<group>"; };
		1A9B768A235F50A900725937 /* CyxbsMobile2019_iOSUITests.xctest */ = {isa = PBXFileReference; explicitFileType = wrapper.cfbundle; includeInIndex = 0; path = CyxbsMobile2019_iOSUITests.xctest; sourceTree = BUILT_PRODUCTS_DIR; };
		1A9B768E235F50A900725937 /* CyxbsMobile2019_iOSUITests.m */ = {isa = PBXFileReference; lastKnownFileType = sourcecode.c.objc; path = CyxbsMobile2019_iOSUITests.m; sourceTree = "<group>"; };
		1A9B7690235F50A900725937 /* Info.plist */ = {isa = PBXFileReference; lastKnownFileType = text.plist.xml; path = Info.plist; sourceTree = "<group>"; };
		1AAFACF6236B360F00E854A3 /* MinePresenter.h */ = {isa = PBXFileReference; lastKnownFileType = sourcecode.c.h; path = MinePresenter.h; sourceTree = "<group>"; };
		1AAFACF7236B360F00E854A3 /* MinePresenter.m */ = {isa = PBXFileReference; lastKnownFileType = sourcecode.c.objc; path = MinePresenter.m; sourceTree = "<group>"; };
		1AF4B6052362EBFE00A0823A /* NSDate+Timestamp.h */ = {isa = PBXFileReference; lastKnownFileType = sourcecode.c.h; path = "NSDate+Timestamp.h"; sourceTree = "<group>"; };
		1AF4B6062362EBFE00A0823A /* NSDate+Timestamp.m */ = {isa = PBXFileReference; lastKnownFileType = sourcecode.c.objc; path = "NSDate+Timestamp.m"; sourceTree = "<group>"; };
		6F3D5CAF0787713C5281B516 /* Pods-CyxbsMobile2019_iOS.debug.xcconfig */ = {isa = PBXFileReference; includeInIndex = 1; lastKnownFileType = text.xcconfig; name = "Pods-CyxbsMobile2019_iOS.debug.xcconfig"; path = "Target Support Files/Pods-CyxbsMobile2019_iOS/Pods-CyxbsMobile2019_iOS.debug.xcconfig"; sourceTree = "<group>"; };
		EE062F322377F5D600E5919E /* OneNewsItem.h */ = {isa = PBXFileReference; lastKnownFileType = sourcecode.c.h; path = OneNewsItem.h; sourceTree = "<group>"; };
		EE062F332377F5D600E5919E /* OneNewsItem.m */ = {isa = PBXFileReference; lastKnownFileType = sourcecode.c.objc; path = OneNewsItem.m; sourceTree = "<group>"; };
		EE3C180A23715BAD004233C5 /* VolunteerModel.h */ = {isa = PBXFileReference; lastKnownFileType = sourcecode.c.h; path = VolunteerModel.h; sourceTree = "<group>"; };
		EE3C180B23715BAD004233C5 /* VolunteerModel.m */ = {isa = PBXFileReference; lastKnownFileType = sourcecode.c.objc; path = VolunteerModel.m; sourceTree = "<group>"; };
		EE67A4EA237E60F500BCF5F4 /* FinderToolViewItem.h */ = {isa = PBXFileReference; lastKnownFileType = sourcecode.c.h; path = FinderToolViewItem.h; sourceTree = "<group>"; };
		EE67A4EB237E60F500BCF5F4 /* FinderToolViewItem.m */ = {isa = PBXFileReference; lastKnownFileType = sourcecode.c.objc; path = FinderToolViewItem.m; sourceTree = "<group>"; };
		EE67A4ED237E691B00BCF5F4 /* LQQFinderToolViewController.h */ = {isa = PBXFileReference; lastKnownFileType = sourcecode.c.h; path = LQQFinderToolViewController.h; sourceTree = "<group>"; };
		EE67A4EE237E691B00BCF5F4 /* LQQFinderToolViewController.m */ = {isa = PBXFileReference; lastKnownFileType = sourcecode.c.objc; path = LQQFinderToolViewController.m; sourceTree = "<group>"; };
		EE80ADFE2377B6660003023C /* ElectricFeeItem.h */ = {isa = PBXFileReference; lastKnownFileType = sourcecode.c.h; path = ElectricFeeItem.h; sourceTree = "<group>"; };
		EE80ADFF2377B6660003023C /* ElectricFeeItem.m */ = {isa = PBXFileReference; lastKnownFileType = sourcecode.c.objc; path = ElectricFeeItem.m; sourceTree = "<group>"; };
		EE899DD32367D89900DDB0D9 /* ElectricFeeModel.m */ = {isa = PBXFileReference; fileEncoding = 4; lastKnownFileType = sourcecode.c.objc; path = ElectricFeeModel.m; sourceTree = "<group>"; };
		EE899DD42367D89900DDB0D9 /* ElectricFeeModel.h */ = {isa = PBXFileReference; fileEncoding = 4; lastKnownFileType = sourcecode.c.h; path = ElectricFeeModel.h; sourceTree = "<group>"; };
		EE899DD82367D89900DDB0D9 /* NewDiscover6.0Media.xcassets */ = {isa = PBXFileReference; lastKnownFileType = folder.assetcatalog; path = NewDiscover6.0Media.xcassets; sourceTree = "<group>"; };
		EE899DDB2367D89900DDB0D9 /* EnterButton.m */ = {isa = PBXFileReference; fileEncoding = 4; lastKnownFileType = sourcecode.c.objc; path = EnterButton.m; sourceTree = "<group>"; };
		EE899DDC2367D89900DDB0D9 /* LQQFinderView.m */ = {isa = PBXFileReference; fileEncoding = 4; lastKnownFileType = sourcecode.c.objc; path = LQQFinderView.m; sourceTree = "<group>"; };
		EE899DDD2367D89900DDB0D9 /* LQQGlanceView.m */ = {isa = PBXFileReference; fileEncoding = 4; lastKnownFileType = sourcecode.c.objc; path = LQQGlanceView.m; sourceTree = "<group>"; };
		EE899DDE2367D89900DDB0D9 /* Bahnschrift.ttf */ = {isa = PBXFileReference; lastKnownFileType = file; path = Bahnschrift.ttf; sourceTree = "<group>"; };
		EE899DDF2367D89900DDB0D9 /* LQQFinderView.h */ = {isa = PBXFileReference; fileEncoding = 4; lastKnownFileType = sourcecode.c.h; path = LQQFinderView.h; sourceTree = "<group>"; };
		EE899DE02367D89900DDB0D9 /* EnterButton.h */ = {isa = PBXFileReference; fileEncoding = 4; lastKnownFileType = sourcecode.c.h; path = EnterButton.h; sourceTree = "<group>"; };
		EE899DE12367D89900DDB0D9 /* LQQGlanceView.h */ = {isa = PBXFileReference; fileEncoding = 4; lastKnownFileType = sourcecode.c.h; path = LQQGlanceView.h; sourceTree = "<group>"; };
		EE899DED2369A19B00DDB0D9 /* OneNewsModel.h */ = {isa = PBXFileReference; lastKnownFileType = sourcecode.c.h; path = OneNewsModel.h; sourceTree = "<group>"; };
		EE899DEE2369A19B00DDB0D9 /* OneNewsModel.m */ = {isa = PBXFileReference; lastKnownFileType = sourcecode.c.objc; path = OneNewsModel.m; sourceTree = "<group>"; };
		F1ED110FF9C783A1A3234FBE /* Pods-CyxbsMobile2019_iOS.release.xcconfig */ = {isa = PBXFileReference; includeInIndex = 1; lastKnownFileType = text.xcconfig; name = "Pods-CyxbsMobile2019_iOS.release.xcconfig"; path = "Target Support Files/Pods-CyxbsMobile2019_iOS/Pods-CyxbsMobile2019_iOS.release.xcconfig"; sourceTree = "<group>"; };
/* End PBXFileReference section */

/* Begin PBXFrameworksBuildPhase section */
		1A9B7664235F50A600725937 /* Frameworks */ = {
			isa = PBXFrameworksBuildPhase;
			buildActionMask = 2147483647;
			files = (
				2A484C14CCF353BF33ED4EE4 /* libPods-CyxbsMobile2019_iOS.a in Frameworks */,
			);
			runOnlyForDeploymentPostprocessing = 0;
		};
		1A9B767C235F50A900725937 /* Frameworks */ = {
			isa = PBXFrameworksBuildPhase;
			buildActionMask = 2147483647;
			files = (
			);
			runOnlyForDeploymentPostprocessing = 0;
		};
		1A9B7687235F50A900725937 /* Frameworks */ = {
			isa = PBXFrameworksBuildPhase;
			buildActionMask = 2147483647;
			files = (
			);
			runOnlyForDeploymentPostprocessing = 0;
		};
/* End PBXFrameworksBuildPhase section */

/* Begin PBXGroup section */
		1A141312235F51F20001417E /* ClassSchedule */ = {
			isa = PBXGroup;
			children = (
				1A141313235F51F20001417E /* Presenter */,
				1A141314235F51F20001417E /* Model */,
				1A141315235F51F20001417E /* View */,
			);
			path = ClassSchedule;
			sourceTree = "<group>";
		};
		1A141313235F51F20001417E /* Presenter */ = {
			isa = PBXGroup;
			children = (
			);
			path = Presenter;
			sourceTree = "<group>";
		};
		1A141314235F51F20001417E /* Model */ = {
			isa = PBXGroup;
			children = (
			);
			path = Model;
			sourceTree = "<group>";
		};
		1A141315235F51F20001417E /* View */ = {
			isa = PBXGroup;
			children = (
				1A141316235F51F20001417E /* ClassScheduleViewController.h */,
				1A141317235F51F20001417E /* ClassScheduleViewController.m */,
			);
			path = View;
			sourceTree = "<group>";
		};
		1A141319235F521C0001417E /* Base */ = {
			isa = PBXGroup;
			children = (
				1A14131A235F521C0001417E /* BaseTableViewController.m */,
				1A14131B235F521C0001417E /* BaseViewController.m */,
				1A14131C235F521C0001417E /* BaseNavigationController.m */,
				1A14131D235F521C0001417E /* BaseTableViewController.h */,
				1A14131E235F521C0001417E /* BaseNavigationController.h */,
				1A14131F235F521C0001417E /* BaseViewController.h */,
			);
			path = Base;
			sourceTree = "<group>";
		};
		1A141323235F52290001417E /* Discover */ = {
			isa = PBXGroup;
			children = (
				EE899DD82367D89900DDB0D9 /* NewDiscover6.0Media.xcassets */,
				EE899DD22367D89900DDB0D9 /* Model */,
				EE899DD52367D89900DDB0D9 /* Controller */,
				EE899DDA2367D89900DDB0D9 /* View */,
			);
			path = Discover;
			sourceTree = "<group>";
		};
		1A14132A235F523B0001417E /* Mine */ = {
			isa = PBXGroup;
			children = (
				1A31062E23770C7300A56468 /* Mine.xcassets */,
				1A7BAC632369AB9500CA512D /* Protocol */,
				1A14132B235F523B0001417E /* Presenter */,
				1A14132C235F523B0001417E /* Model */,
				1A14132D235F523B0001417E /* View */,
			);
			path = Mine;
			sourceTree = "<group>";
		};
		1A14132B235F523B0001417E /* Presenter */ = {
			isa = PBXGroup;
			children = (
				1AAFACF6236B360F00E854A3 /* MinePresenter.h */,
				1AAFACF7236B360F00E854A3 /* MinePresenter.m */,
			);
			path = Presenter;
			sourceTree = "<group>";
		};
		1A14132C235F523B0001417E /* Model */ = {
			isa = PBXGroup;
			children = (
			);
			path = Model;
			sourceTree = "<group>";
		};
		1A14132D235F523B0001417E /* View */ = {
			isa = PBXGroup;
			children = (
				1A14132E235F523B0001417E /* MineViewController.h */,
				1A14132F235F523B0001417E /* MineViewController.m */,
				1A7BAC642369AC2900CA512D /* MineContentView.h */,
				1A7BAC652369AC2900CA512D /* MineContentView.m */,
				1A7BAC672369B28400CA512D /* MineHeaderView.h */,
				1A7BAC682369B28400CA512D /* MineHeaderView.m */,
			);
			path = View;
			sourceTree = "<group>";
		};
		1A141331235F52440001417E /* QA */ = {
			isa = PBXGroup;
			children = (
				1A141332235F52440001417E /* QAQuestions */,
			);
			path = QA;
			sourceTree = "<group>";
		};
		1A141332235F52440001417E /* QAQuestions */ = {
			isa = PBXGroup;
			children = (
				1A141333235F52440001417E /* Presenter */,
				1A141334235F52440001417E /* Model */,
				1A141335235F52440001417E /* View */,
			);
			path = QAQuestions;
			sourceTree = "<group>";
		};
		1A141333235F52440001417E /* Presenter */ = {
			isa = PBXGroup;
			children = (
			);
			path = Presenter;
			sourceTree = "<group>";
		};
		1A141334235F52440001417E /* Model */ = {
			isa = PBXGroup;
			children = (
			);
			path = Model;
			sourceTree = "<group>";
		};
		1A141335235F52440001417E /* View */ = {
			isa = PBXGroup;
			children = (
				1A141336235F52440001417E /* QAQuestionsViewController.h */,
				1A141337235F52440001417E /* QAQuestionsViewController.m */,
			);
			path = View;
			sourceTree = "<group>";
		};
		1A141339235F524B0001417E /* Tool */ = {
			isa = PBXGroup;
			children = (
				1A141345235F524B0001417E /* NetWork */,
				1A14133D235F524B0001417E /* AESCipher */,
				1A14133A235F524B0001417E /* UILabel+Adapter.h */,
				1A141355235F524B0001417E /* UILabel+Adapter.m */,
				1A14133B235F524B0001417E /* UIFont+AdaptiveFont.m */,
				1A141354235F524B0001417E /* UIFont+AdaptiveFont.h */,
				1A14133C235F524B0001417E /* NSNull+Helper.h */,
				1A141359235F524B0001417E /* NSNull+Helper.m */,
				1A141340235F524B0001417E /* UIColor+Helper.h */,
				1A141358235F524B0001417E /* UIColor+Helper.m */,
				1A141341235F524B0001417E /* NSDate+schoolDate.h */,
				1A141357235F524B0001417E /* NSDate+schoolDate.m */,
				1A141342235F524B0001417E /* CAShapeLayer+ViewMask.h */,
				1A141356235F524B0001417E /* CAShapeLayer+ViewMask.m */,
				1A141343235F524B0001417E /* UIImage+Color.h */,
				1A14135B235F524B0001417E /* UIImage+Color.m */,
				1A141344235F524B0001417E /* UIImage+ImageEffects.h */,
				1A14135A235F524B0001417E /* UIImage+ImageEffects.m */,
				1A14135F235F524B0001417E /* UIViewController+BackButtonHandler.h */,
				1A141350235F524B0001417E /* UIViewController+BackButtonHandler.m */,
				1A14135E235F524B0001417E /* UIImage+Helper.h */,
				1A141351235F524B0001417E /* UIImage+Helper.m */,
				1A14135D235F524B0001417E /* NSString+Emoji.h */,
				1A141352235F524B0001417E /* NSString+Emoji.m */,
				1A14135C235F524B0001417E /* UserDefaultTool.h */,
				1A141353235F524B0001417E /* UserDefaultTool.m */,
				1A141360235F524B0001417E /* SegmentView */,
				1AF4B6052362EBFE00A0823A /* NSDate+Timestamp.h */,
				1AF4B6062362EBFE00A0823A /* NSDate+Timestamp.m */,
			);
			path = Tool;
			sourceTree = "<group>";
		};
		1A14133D235F524B0001417E /* AESCipher */ = {
			isa = PBXGroup;
			children = (
				1A14133E235F524B0001417E /* AESCipher.m */,
				1A14133F235F524B0001417E /* AESCipher.h */,
			);
			path = AESCipher;
			sourceTree = "<group>";
		};
		1A141345235F524B0001417E /* NetWork */ = {
			isa = PBXGroup;
			children = (
				1A141346235F524B0001417E /* NetWork.m */,
				1A141347235F524B0001417E /* HttpClient.m */,
				1A141348235F524B0001417E /* MOHImageParamModel.h */,
				1A141349235F524B0001417E /* HCHttp.m */,
				1A14134A235F524B0001417E /* ORWRequestCache.m */,
				1A14134B235F524B0001417E /* MOHImageParamModel.m */,
				1A14134C235F524B0001417E /* HttpClient.h */,
				1A14134D235F524B0001417E /* NetWork.h */,
				1A14134E235F524B0001417E /* HCHttp.h */,
				1A14134F235F524B0001417E /* ORWRequestCache.h */,
			);
			path = NetWork;
			sourceTree = "<group>";
		};
		1A141360235F524B0001417E /* SegmentView */ = {
			isa = PBXGroup;
			children = (
				1A141361235F524B0001417E /* SYCSegmentViewButton.m */,
				1A141362235F524B0001417E /* SYCSegmentView.m */,
				1A141363235F524B0001417E /* SYCSegmentViewButton.h */,
				1A141364235F524B0001417E /* SYCSegmentView.h */,
			);
			path = SegmentView;
			sourceTree = "<group>";
		};
		1A5A5ED423600BA300543BAE /* Login */ = {
			isa = PBXGroup;
			children = (
				1A5A5EDD23600CBE00543BAE /* Login.xcassets */,
				1A5A5EEC2360240000543BAE /* Protocol */,
				1A5A5ED523600BD700543BAE /* View */,
				1A5A5ED723600BE000543BAE /* Presenter */,
				1A5A5ED623600BDC00543BAE /* Model */,
				1A5A5EE223600FE600543BAE /* Item */,
			);
			path = Login;
			sourceTree = "<group>";
		};
		1A5A5ED523600BD700543BAE /* View */ = {
			isa = PBXGroup;
			children = (
				1A5A5ED923600C9100543BAE /* LoginViewController.h */,
				1A5A5EDA23600C9100543BAE /* LoginViewController.m */,
				1A5A5ED823600C9100543BAE /* LoginViewController.xib */,
			);
			path = View;
			sourceTree = "<group>";
		};
		1A5A5ED623600BDC00543BAE /* Model */ = {
			isa = PBXGroup;
			children = (
				1A5A5EE9236022C500543BAE /* LoginModel.h */,
				1A5A5EEA236022C500543BAE /* LoginModel.m */,
			);
			path = Model;
			sourceTree = "<group>";
		};
		1A5A5ED723600BE000543BAE /* Presenter */ = {
			isa = PBXGroup;
			children = (
				1A5A5EE6236021FE00543BAE /* LoginPresenter.h */,
				1A5A5EE7236021FE00543BAE /* LoginPresenter.m */,
			);
			path = Presenter;
			sourceTree = "<group>";
		};
		1A5A5EE223600FE600543BAE /* Item */ = {
			isa = PBXGroup;
			children = (
				1A5A5EE32360100B00543BAE /* UserItem.h */,
				1A5A5EE42360100B00543BAE /* UserItem.m */,
				1A5A5EEF2361A82E00543BAE /* UserItemTool.h */,
				1A5A5EF02361A82E00543BAE /* UserItemTool.m */,
			);
			path = Item;
			sourceTree = "<group>";
		};
		1A5A5EEC2360240000543BAE /* Protocol */ = {
			isa = PBXGroup;
			children = (
				1A5A5EEE2360298900543BAE /* LoginViewProtocol.h */,
			);
			path = Protocol;
			sourceTree = "<group>";
		};
		1A7BAC632369AB9500CA512D /* Protocol */ = {
			isa = PBXGroup;
			children = (
				1A7BAC6A2369C93400CA512D /* MineContentViewProtocol.h */,
			);
			path = Protocol;
			sourceTree = "<group>";
		};
		1A9B765E235F50A600725937 = {
			isa = PBXGroup;
			children = (
				1A9B7669235F50A600725937 /* CyxbsMobile2019_iOS */,
				1A9B7682235F50A900725937 /* CyxbsMobile2019_iOSTests */,
				1A9B768D235F50A900725937 /* CyxbsMobile2019_iOSUITests */,
				1A9B7668235F50A600725937 /* Products */,
				31CAD973D4E3B19C047677AE /* Pods */,
				2CDC888D97D2E7657DB18FB6 /* Frameworks */,
			);
			sourceTree = "<group>";
		};
		1A9B7668235F50A600725937 /* Products */ = {
			isa = PBXGroup;
			children = (
				1A9B7667235F50A600725937 /* 掌上重邮.app */,
				1A9B767F235F50A900725937 /* CyxbsMobile2019_iOSTests.xctest */,
				1A9B768A235F50A900725937 /* CyxbsMobile2019_iOSUITests.xctest */,
			);
			name = Products;
			sourceTree = "<group>";
		};
		1A9B7669235F50A600725937 /* CyxbsMobile2019_iOS */ = {
			isa = PBXGroup;
			children = (
				1AAFAD41236DC96300E854A3 /* Fonts */,
				1A141312235F51F20001417E /* ClassSchedule */,
				1A14132A235F523B0001417E /* Mine */,
				1A141331235F52440001417E /* QA */,
				1A141323235F52290001417E /* Discover */,
				1A5A5ED423600BA300543BAE /* Login */,
				1A141319235F521C0001417E /* Base */,
				1A141339235F524B0001417E /* Tool */,
				1A9B766A235F50A600725937 /* AppDelegate.h */,
				1A9B766B235F50A600725937 /* AppDelegate.m */,
				1A9B7670235F50A600725937 /* Main.storyboard */,
				1A9B7673235F50A800725937 /* Assets.xcassets */,
				1A9B7675235F50A800725937 /* LaunchScreen.storyboard */,
				1A9B7678235F50A800725937 /* Info.plist */,
				1A9B7679235F50A800725937 /* main.m */,
				1A141379235F52550001417E /* PrefixHeader.pch */,
			);
			path = CyxbsMobile2019_iOS;
			sourceTree = "<group>";
		};
		1A9B7682235F50A900725937 /* CyxbsMobile2019_iOSTests */ = {
			isa = PBXGroup;
			children = (
				1A9B7683235F50A900725937 /* CyxbsMobile2019_iOSTests.m */,
				1A9B7685235F50A900725937 /* Info.plist */,
			);
			path = CyxbsMobile2019_iOSTests;
			sourceTree = "<group>";
		};
		1A9B768D235F50A900725937 /* CyxbsMobile2019_iOSUITests */ = {
			isa = PBXGroup;
			children = (
				1A9B768E235F50A900725937 /* CyxbsMobile2019_iOSUITests.m */,
				1A9B7690235F50A900725937 /* Info.plist */,
			);
			path = CyxbsMobile2019_iOSUITests;
			sourceTree = "<group>";
		};
		1AAFAD41236DC96300E854A3 /* Fonts */ = {
			isa = PBXGroup;
			children = (
				1A310630237711A800A56468 /* Impact.ttf */,
				EE899DDE2367D89900DDB0D9 /* Bahnschrift.ttf */,
			);
			path = Fonts;
			sourceTree = "<group>";
		};
		2CDC888D97D2E7657DB18FB6 /* Frameworks */ = {
			isa = PBXGroup;
			children = (
				0913CE267FCBD5EB99727800 /* libPods-CyxbsMobile2019_iOS.a */,
			);
			name = Frameworks;
			sourceTree = "<group>";
		};
		31CAD973D4E3B19C047677AE /* Pods */ = {
			isa = PBXGroup;
			children = (
				6F3D5CAF0787713C5281B516 /* Pods-CyxbsMobile2019_iOS.debug.xcconfig */,
				F1ED110FF9C783A1A3234FBE /* Pods-CyxbsMobile2019_iOS.release.xcconfig */,
			);
			path = Pods;
			sourceTree = "<group>";
		};
		EE062F352377F73C00E5919E /* News */ = {
			isa = PBXGroup;
			children = (
				EE899DED2369A19B00DDB0D9 /* OneNewsModel.h */,
				EE899DEE2369A19B00DDB0D9 /* OneNewsModel.m */,
				EE062F322377F5D600E5919E /* OneNewsItem.h */,
				EE062F332377F5D600E5919E /* OneNewsItem.m */,
			);
			path = News;
			sourceTree = "<group>";
		};
		EE062F362377F77700E5919E /* ElectricBill */ = {
			isa = PBXGroup;
			children = (
				EE899DD42367D89900DDB0D9 /* ElectricFeeModel.h */,
				EE899DD32367D89900DDB0D9 /* ElectricFeeModel.m */,
				EE80ADFE2377B6660003023C /* ElectricFeeItem.h */,
				EE80ADFF2377B6660003023C /* ElectricFeeItem.m */,
			);
			path = ElectricBill;
			sourceTree = "<group>";
		};
		EE062F372377F79300E5919E /* Volunteer */ = {
			isa = PBXGroup;
			children = (
				EE3C180A23715BAD004233C5 /* VolunteerModel.h */,
				EE3C180B23715BAD004233C5 /* VolunteerModel.m */,
			);
			path = Volunteer;
			sourceTree = "<group>";
		};
		EE67A4E8237E60D400BCF5F4 /* FinderView */ = {
			isa = PBXGroup;
			children = (
				EE899DE02367D89900DDB0D9 /* EnterButton.h */,
				EE899DDB2367D89900DDB0D9 /* EnterButton.m */,
				EE899DDF2367D89900DDB0D9 /* LQQFinderView.h */,
				EE899DDC2367D89900DDB0D9 /* LQQFinderView.m */,
				EE899DE12367D89900DDB0D9 /* LQQGlanceView.h */,
				EE899DDD2367D89900DDB0D9 /* LQQGlanceView.m */,
			);
			path = FinderView;
			sourceTree = "<group>";
		};
		EE67A4E9237E60E200BCF5F4 /* FinderToolView */ = {
			isa = PBXGroup;
			children = (
				EE67A4EA237E60F500BCF5F4 /* FinderToolViewItem.h */,
				EE67A4EB237E60F500BCF5F4 /* FinderToolViewItem.m */,
			);
			path = FinderToolView;
			sourceTree = "<group>";
		};
		EE899DD22367D89900DDB0D9 /* Model */ = {
			isa = PBXGroup;
			children = (
				EE062F372377F79300E5919E /* Volunteer */,
				EE062F362377F77700E5919E /* ElectricBill */,
				EE062F352377F73C00E5919E /* News */,
			);
			path = Model;
			sourceTree = "<group>";
		};
		EE899DD52367D89900DDB0D9 /* Controller */ = {
			isa = PBXGroup;
			children = (
				1A141327235F52290001417E /* DiscoverViewController.h */,
				1A141328235F52290001417E /* DiscoverViewController.m */,
				EE67A4ED237E691B00BCF5F4 /* LQQFinderToolViewController.h */,
				EE67A4EE237E691B00BCF5F4 /* LQQFinderToolViewController.m */,
			);
			path = Controller;
			sourceTree = "<group>";
		};
		EE899DDA2367D89900DDB0D9 /* View */ = {
			isa = PBXGroup;
			children = (
				EE67A4E9237E60E200BCF5F4 /* FinderToolView */,
				EE67A4E8237E60D400BCF5F4 /* FinderView */,
			);
			path = View;
			sourceTree = "<group>";
		};
/* End PBXGroup section */

/* Begin PBXNativeTarget section */
		1A9B7666235F50A600725937 /* CyxbsMobile2019_iOS */ = {
			isa = PBXNativeTarget;
			buildConfigurationList = 1A9B7693235F50A900725937 /* Build configuration list for PBXNativeTarget "CyxbsMobile2019_iOS" */;
			buildPhases = (
				B21145A9612AA583864D1A02 /* [CP] Check Pods Manifest.lock */,
				1A9B7663235F50A600725937 /* Sources */,
				1A9B7664235F50A600725937 /* Frameworks */,
				1A9B7665235F50A600725937 /* Resources */,
				81DCEEACD5150216D20A1471 /* [CP] Copy Pods Resources */,
			);
			buildRules = (
			);
			dependencies = (
			);
			name = CyxbsMobile2019_iOS;
			productName = CyxbsMobile2019_iOS;
			productReference = 1A9B7667235F50A600725937 /* 掌上重邮.app */;
			productType = "com.apple.product-type.application";
		};
		1A9B767E235F50A900725937 /* CyxbsMobile2019_iOSTests */ = {
			isa = PBXNativeTarget;
			buildConfigurationList = 1A9B7696235F50A900725937 /* Build configuration list for PBXNativeTarget "CyxbsMobile2019_iOSTests" */;
			buildPhases = (
				1A9B767B235F50A900725937 /* Sources */,
				1A9B767C235F50A900725937 /* Frameworks */,
				1A9B767D235F50A900725937 /* Resources */,
			);
			buildRules = (
			);
			dependencies = (
				1A9B7681235F50A900725937 /* PBXTargetDependency */,
			);
			name = CyxbsMobile2019_iOSTests;
			productName = CyxbsMobile2019_iOSTests;
			productReference = 1A9B767F235F50A900725937 /* CyxbsMobile2019_iOSTests.xctest */;
			productType = "com.apple.product-type.bundle.unit-test";
		};
		1A9B7689235F50A900725937 /* CyxbsMobile2019_iOSUITests */ = {
			isa = PBXNativeTarget;
			buildConfigurationList = 1A9B7699235F50A900725937 /* Build configuration list for PBXNativeTarget "CyxbsMobile2019_iOSUITests" */;
			buildPhases = (
				1A9B7686235F50A900725937 /* Sources */,
				1A9B7687235F50A900725937 /* Frameworks */,
				1A9B7688235F50A900725937 /* Resources */,
			);
			buildRules = (
			);
			dependencies = (
				1A9B768C235F50A900725937 /* PBXTargetDependency */,
			);
			name = CyxbsMobile2019_iOSUITests;
			productName = CyxbsMobile2019_iOSUITests;
			productReference = 1A9B768A235F50A900725937 /* CyxbsMobile2019_iOSUITests.xctest */;
			productType = "com.apple.product-type.bundle.ui-testing";
		};
/* End PBXNativeTarget section */

/* Begin PBXProject section */
		1A9B765F235F50A600725937 /* Project object */ = {
			isa = PBXProject;
			attributes = {
				LastUpgradeCheck = 1030;
				ORGANIZATIONNAME = Redrock;
				TargetAttributes = {
					1A9B7666235F50A600725937 = {
						CreatedOnToolsVersion = 10.3;
					};
					1A9B767E235F50A900725937 = {
						CreatedOnToolsVersion = 10.3;
						TestTargetID = 1A9B7666235F50A600725937;
					};
					1A9B7689235F50A900725937 = {
						CreatedOnToolsVersion = 10.3;
						TestTargetID = 1A9B7666235F50A600725937;
					};
				};
			};
			buildConfigurationList = 1A9B7662235F50A600725937 /* Build configuration list for PBXProject "CyxbsMobile2019_iOS" */;
			compatibilityVersion = "Xcode 9.3";
			developmentRegion = en;
			hasScannedForEncodings = 0;
			knownRegions = (
				en,
				Base,
			);
			mainGroup = 1A9B765E235F50A600725937;
			productRefGroup = 1A9B7668235F50A600725937 /* Products */;
			projectDirPath = "";
			projectRoot = "";
			targets = (
				1A9B7666235F50A600725937 /* CyxbsMobile2019_iOS */,
				1A9B767E235F50A900725937 /* CyxbsMobile2019_iOSTests */,
				1A9B7689235F50A900725937 /* CyxbsMobile2019_iOSUITests */,
			);
		};
/* End PBXProject section */

/* Begin PBXResourcesBuildPhase section */
		1A9B7665235F50A600725937 /* Resources */ = {
			isa = PBXResourcesBuildPhase;
			buildActionMask = 2147483647;
			files = (
				1A3106312377173B00A56468 /* Impact.ttf in Resources */,
				EE899DEA2367DB2600DDB0D9 /* Bahnschrift.ttf in Resources */,
				1A5A5EDB23600C9100543BAE /* LoginViewController.xib in Resources */,
				1A31062F23770C7300A56468 /* Mine.xcassets in Resources */,
				1A5A5EDE23600CBE00543BAE /* Login.xcassets in Resources */,
				1A9B7677235F50A800725937 /* LaunchScreen.storyboard in Resources */,
				1A9B7674235F50A800725937 /* Assets.xcassets in Resources */,
				1A9B7672235F50A600725937 /* Main.storyboard in Resources */,
				EE899DE52367D89A00DDB0D9 /* NewDiscover6.0Media.xcassets in Resources */,
			);
			runOnlyForDeploymentPostprocessing = 0;
		};
		1A9B767D235F50A900725937 /* Resources */ = {
			isa = PBXResourcesBuildPhase;
			buildActionMask = 2147483647;
			files = (
			);
			runOnlyForDeploymentPostprocessing = 0;
		};
		1A9B7688235F50A900725937 /* Resources */ = {
			isa = PBXResourcesBuildPhase;
			buildActionMask = 2147483647;
			files = (
			);
			runOnlyForDeploymentPostprocessing = 0;
		};
/* End PBXResourcesBuildPhase section */

/* Begin PBXShellScriptBuildPhase section */
		81DCEEACD5150216D20A1471 /* [CP] Copy Pods Resources */ = {
			isa = PBXShellScriptBuildPhase;
			buildActionMask = 2147483647;
			files = (
			);
			inputFileListPaths = (
				"${PODS_ROOT}/Target Support Files/Pods-CyxbsMobile2019_iOS/Pods-CyxbsMobile2019_iOS-resources-${CONFIGURATION}-input-files.xcfilelist",
			);
			name = "[CP] Copy Pods Resources";
			outputFileListPaths = (
				"${PODS_ROOT}/Target Support Files/Pods-CyxbsMobile2019_iOS/Pods-CyxbsMobile2019_iOS-resources-${CONFIGURATION}-output-files.xcfilelist",
			);
			runOnlyForDeploymentPostprocessing = 0;
			shellPath = /bin/sh;
			shellScript = "\"${PODS_ROOT}/Target Support Files/Pods-CyxbsMobile2019_iOS/Pods-CyxbsMobile2019_iOS-resources.sh\"\n";
			showEnvVarsInLog = 0;
		};
		B21145A9612AA583864D1A02 /* [CP] Check Pods Manifest.lock */ = {
			isa = PBXShellScriptBuildPhase;
			buildActionMask = 2147483647;
			files = (
			);
			inputFileListPaths = (
			);
			inputPaths = (
				"${PODS_PODFILE_DIR_PATH}/Podfile.lock",
				"${PODS_ROOT}/Manifest.lock",
			);
			name = "[CP] Check Pods Manifest.lock";
			outputFileListPaths = (
			);
			outputPaths = (
				"$(DERIVED_FILE_DIR)/Pods-CyxbsMobile2019_iOS-checkManifestLockResult.txt",
			);
			runOnlyForDeploymentPostprocessing = 0;
			shellPath = /bin/sh;
			shellScript = "diff \"${PODS_PODFILE_DIR_PATH}/Podfile.lock\" \"${PODS_ROOT}/Manifest.lock\" > /dev/null\nif [ $? != 0 ] ; then\n    # print error to STDERR\n    echo \"error: The sandbox is not in sync with the Podfile.lock. Run 'pod install' or update your CocoaPods installation.\" >&2\n    exit 1\nfi\n# This output is used by Xcode 'outputs' to avoid re-running this script phase.\necho \"SUCCESS\" > \"${SCRIPT_OUTPUT_FILE_0}\"\n";
			showEnvVarsInLog = 0;
		};
/* End PBXShellScriptBuildPhase section */

/* Begin PBXSourcesBuildPhase section */
		1A9B7663235F50A600725937 /* Sources */ = {
			isa = PBXSourcesBuildPhase;
			buildActionMask = 2147483647;
			files = (
				1A141338235F52440001417E /* QAQuestionsViewController.m in Sources */,
				1A9B767A235F50A800725937 /* main.m in Sources */,
				1A141377235F524B0001417E /* SYCSegmentViewButton.m in Sources */,
				EE899DE72367D89A00DDB0D9 /* LQQFinderView.m in Sources */,
				EE80AE002377B6660003023C /* ElectricFeeItem.m in Sources */,
				1A5A5EF12361A82E00543BAE /* UserItemTool.m in Sources */,
				1A141374235F524B0001417E /* NSNull+Helper.m in Sources */,
				1A14136F235F524B0001417E /* UserDefaultTool.m in Sources */,
				1A141366235F524B0001417E /* AESCipher.m in Sources */,
				1A141321235F521C0001417E /* BaseViewController.m in Sources */,
				EE899DEF2369A19B00DDB0D9 /* OneNewsModel.m in Sources */,
				EE67A4EF237E691B00BCF5F4 /* LQQFinderToolViewController.m in Sources */,
				EE899DE82367D89A00DDB0D9 /* LQQGlanceView.m in Sources */,
				1A141329235F52290001417E /* DiscoverViewController.m in Sources */,
				1A141322235F521C0001417E /* BaseNavigationController.m in Sources */,
				1A141378235F524B0001417E /* SYCSegmentView.m in Sources */,
				1A5A5EE52360100B00543BAE /* UserItem.m in Sources */,
				1A141369235F524B0001417E /* HCHttp.m in Sources */,
				EE899DE32367D89A00DDB0D9 /* ElectricFeeModel.m in Sources */,
				1A14136A235F524B0001417E /* ORWRequestCache.m in Sources */,
				1AF4B6072362EBFE00A0823A /* NSDate+Timestamp.m in Sources */,
				1A7BAC662369AC2900CA512D /* MineContentView.m in Sources */,
				1A14136B235F524B0001417E /* MOHImageParamModel.m in Sources */,
				1A5A5EEB236022C500543BAE /* LoginModel.m in Sources */,
				1AAFACF8236B360F00E854A3 /* MinePresenter.m in Sources */,
				1A141372235F524B0001417E /* NSDate+schoolDate.m in Sources */,
				1A5A5EDC23600C9100543BAE /* LoginViewController.m in Sources */,
				1A141373235F524B0001417E /* UIColor+Helper.m in Sources */,
				1A141371235F524B0001417E /* CAShapeLayer+ViewMask.m in Sources */,
				1A141375235F524B0001417E /* UIImage+ImageEffects.m in Sources */,
				1A7BAC692369B28400CA512D /* MineHeaderView.m in Sources */,
				EE67A4EC237E60F500BCF5F4 /* FinderToolViewItem.m in Sources */,
				1A141376235F524B0001417E /* UIImage+Color.m in Sources */,
				EE899DE62367D89A00DDB0D9 /* EnterButton.m in Sources */,
				1A14136D235F524B0001417E /* UIImage+Helper.m in Sources */,
				EE3C180C23715BAD004233C5 /* VolunteerModel.m in Sources */,
				1A141365235F524B0001417E /* UIFont+AdaptiveFont.m in Sources */,
				1A141318235F51F20001417E /* ClassScheduleViewController.m in Sources */,
				1A141320235F521C0001417E /* BaseTableViewController.m in Sources */,
				1A9B766C235F50A600725937 /* AppDelegate.m in Sources */,
				EE062F342377F5D600E5919E /* OneNewsItem.m in Sources */,
				1A14136C235F524B0001417E /* UIViewController+BackButtonHandler.m in Sources */,
				1A141367235F524B0001417E /* NetWork.m in Sources */,
				1A141368235F524B0001417E /* HttpClient.m in Sources */,
				1A5A5EE8236021FE00543BAE /* LoginPresenter.m in Sources */,
				1A14136E235F524B0001417E /* NSString+Emoji.m in Sources */,
				1A141330235F523B0001417E /* MineViewController.m in Sources */,
				1A141370235F524B0001417E /* UILabel+Adapter.m in Sources */,
			);
			runOnlyForDeploymentPostprocessing = 0;
		};
		1A9B767B235F50A900725937 /* Sources */ = {
			isa = PBXSourcesBuildPhase;
			buildActionMask = 2147483647;
			files = (
				1A9B7684235F50A900725937 /* CyxbsMobile2019_iOSTests.m in Sources */,
			);
			runOnlyForDeploymentPostprocessing = 0;
		};
		1A9B7686235F50A900725937 /* Sources */ = {
			isa = PBXSourcesBuildPhase;
			buildActionMask = 2147483647;
			files = (
				1A9B768F235F50A900725937 /* CyxbsMobile2019_iOSUITests.m in Sources */,
			);
			runOnlyForDeploymentPostprocessing = 0;
		};
/* End PBXSourcesBuildPhase section */

/* Begin PBXTargetDependency section */
		1A9B7681235F50A900725937 /* PBXTargetDependency */ = {
			isa = PBXTargetDependency;
			target = 1A9B7666235F50A600725937 /* CyxbsMobile2019_iOS */;
			targetProxy = 1A9B7680235F50A900725937 /* PBXContainerItemProxy */;
		};
		1A9B768C235F50A900725937 /* PBXTargetDependency */ = {
			isa = PBXTargetDependency;
			target = 1A9B7666235F50A600725937 /* CyxbsMobile2019_iOS */;
			targetProxy = 1A9B768B235F50A900725937 /* PBXContainerItemProxy */;
		};
/* End PBXTargetDependency section */

/* Begin PBXVariantGroup section */
		1A9B7670235F50A600725937 /* Main.storyboard */ = {
			isa = PBXVariantGroup;
			children = (
				1A9B7671235F50A600725937 /* Base */,
			);
			name = Main.storyboard;
			sourceTree = "<group>";
		};
		1A9B7675235F50A800725937 /* LaunchScreen.storyboard */ = {
			isa = PBXVariantGroup;
			children = (
				1A9B7676235F50A800725937 /* Base */,
			);
			name = LaunchScreen.storyboard;
			sourceTree = "<group>";
		};
/* End PBXVariantGroup section */

/* Begin XCBuildConfiguration section */
		1A9B7691235F50A900725937 /* Debug */ = {
			isa = XCBuildConfiguration;
			buildSettings = {
				ALWAYS_SEARCH_USER_PATHS = NO;
				CLANG_ANALYZER_NONNULL = YES;
				CLANG_ANALYZER_NUMBER_OBJECT_CONVERSION = YES_AGGRESSIVE;
				CLANG_CXX_LANGUAGE_STANDARD = "gnu++14";
				CLANG_CXX_LIBRARY = "libc++";
				CLANG_ENABLE_MODULES = YES;
				CLANG_ENABLE_OBJC_ARC = YES;
				CLANG_ENABLE_OBJC_WEAK = YES;
				CLANG_WARN_BLOCK_CAPTURE_AUTORELEASING = YES;
				CLANG_WARN_BOOL_CONVERSION = YES;
				CLANG_WARN_COMMA = YES;
				CLANG_WARN_CONSTANT_CONVERSION = YES;
				CLANG_WARN_DEPRECATED_OBJC_IMPLEMENTATIONS = YES;
				CLANG_WARN_DIRECT_OBJC_ISA_USAGE = YES_ERROR;
				CLANG_WARN_DOCUMENTATION_COMMENTS = YES;
				CLANG_WARN_EMPTY_BODY = YES;
				CLANG_WARN_ENUM_CONVERSION = YES;
				CLANG_WARN_INFINITE_RECURSION = YES;
				CLANG_WARN_INT_CONVERSION = YES;
				CLANG_WARN_NON_LITERAL_NULL_CONVERSION = YES;
				CLANG_WARN_OBJC_IMPLICIT_RETAIN_SELF = YES;
				CLANG_WARN_OBJC_LITERAL_CONVERSION = YES;
				CLANG_WARN_OBJC_ROOT_CLASS = YES_ERROR;
				CLANG_WARN_RANGE_LOOP_ANALYSIS = YES;
				CLANG_WARN_STRICT_PROTOTYPES = YES;
				CLANG_WARN_SUSPICIOUS_MOVE = YES;
				CLANG_WARN_UNGUARDED_AVAILABILITY = YES_AGGRESSIVE;
				CLANG_WARN_UNREACHABLE_CODE = YES;
				CLANG_WARN__DUPLICATE_METHOD_MATCH = YES;
				CODE_SIGN_IDENTITY = "iPhone Developer";
				COPY_PHASE_STRIP = NO;
				DEBUG_INFORMATION_FORMAT = dwarf;
				ENABLE_STRICT_OBJC_MSGSEND = YES;
				ENABLE_TESTABILITY = YES;
				GCC_C_LANGUAGE_STANDARD = gnu11;
				GCC_DYNAMIC_NO_PIC = NO;
				GCC_NO_COMMON_BLOCKS = YES;
				GCC_OPTIMIZATION_LEVEL = 0;
				GCC_PREPROCESSOR_DEFINITIONS = (
					"DEBUG=1",
					"$(inherited)",
				);
				GCC_WARN_64_TO_32_BIT_CONVERSION = YES;
				GCC_WARN_ABOUT_RETURN_TYPE = YES_ERROR;
				GCC_WARN_UNDECLARED_SELECTOR = YES;
				GCC_WARN_UNINITIALIZED_AUTOS = YES_AGGRESSIVE;
				GCC_WARN_UNUSED_FUNCTION = YES;
				GCC_WARN_UNUSED_VARIABLE = YES;
				IPHONEOS_DEPLOYMENT_TARGET = 12.4;
				MTL_ENABLE_DEBUG_INFO = INCLUDE_SOURCE;
				MTL_FAST_MATH = YES;
				ONLY_ACTIVE_ARCH = YES;
				SDKROOT = iphoneos;
			};
			name = Debug;
		};
		1A9B7692235F50A900725937 /* Release */ = {
			isa = XCBuildConfiguration;
			buildSettings = {
				ALWAYS_SEARCH_USER_PATHS = NO;
				CLANG_ANALYZER_NONNULL = YES;
				CLANG_ANALYZER_NUMBER_OBJECT_CONVERSION = YES_AGGRESSIVE;
				CLANG_CXX_LANGUAGE_STANDARD = "gnu++14";
				CLANG_CXX_LIBRARY = "libc++";
				CLANG_ENABLE_MODULES = YES;
				CLANG_ENABLE_OBJC_ARC = YES;
				CLANG_ENABLE_OBJC_WEAK = YES;
				CLANG_WARN_BLOCK_CAPTURE_AUTORELEASING = YES;
				CLANG_WARN_BOOL_CONVERSION = YES;
				CLANG_WARN_COMMA = YES;
				CLANG_WARN_CONSTANT_CONVERSION = YES;
				CLANG_WARN_DEPRECATED_OBJC_IMPLEMENTATIONS = YES;
				CLANG_WARN_DIRECT_OBJC_ISA_USAGE = YES_ERROR;
				CLANG_WARN_DOCUMENTATION_COMMENTS = YES;
				CLANG_WARN_EMPTY_BODY = YES;
				CLANG_WARN_ENUM_CONVERSION = YES;
				CLANG_WARN_INFINITE_RECURSION = YES;
				CLANG_WARN_INT_CONVERSION = YES;
				CLANG_WARN_NON_LITERAL_NULL_CONVERSION = YES;
				CLANG_WARN_OBJC_IMPLICIT_RETAIN_SELF = YES;
				CLANG_WARN_OBJC_LITERAL_CONVERSION = YES;
				CLANG_WARN_OBJC_ROOT_CLASS = YES_ERROR;
				CLANG_WARN_RANGE_LOOP_ANALYSIS = YES;
				CLANG_WARN_STRICT_PROTOTYPES = YES;
				CLANG_WARN_SUSPICIOUS_MOVE = YES;
				CLANG_WARN_UNGUARDED_AVAILABILITY = YES_AGGRESSIVE;
				CLANG_WARN_UNREACHABLE_CODE = YES;
				CLANG_WARN__DUPLICATE_METHOD_MATCH = YES;
				CODE_SIGN_IDENTITY = "iPhone Developer";
				COPY_PHASE_STRIP = NO;
				DEBUG_INFORMATION_FORMAT = "dwarf-with-dsym";
				ENABLE_NS_ASSERTIONS = NO;
				ENABLE_STRICT_OBJC_MSGSEND = YES;
				GCC_C_LANGUAGE_STANDARD = gnu11;
				GCC_NO_COMMON_BLOCKS = YES;
				GCC_WARN_64_TO_32_BIT_CONVERSION = YES;
				GCC_WARN_ABOUT_RETURN_TYPE = YES_ERROR;
				GCC_WARN_UNDECLARED_SELECTOR = YES;
				GCC_WARN_UNINITIALIZED_AUTOS = YES_AGGRESSIVE;
				GCC_WARN_UNUSED_FUNCTION = YES;
				GCC_WARN_UNUSED_VARIABLE = YES;
				IPHONEOS_DEPLOYMENT_TARGET = 12.4;
				MTL_ENABLE_DEBUG_INFO = NO;
				MTL_FAST_MATH = YES;
				SDKROOT = iphoneos;
				VALIDATE_PRODUCT = YES;
			};
			name = Release;
		};
		1A9B7694235F50A900725937 /* Debug */ = {
			isa = XCBuildConfiguration;
			baseConfigurationReference = 6F3D5CAF0787713C5281B516 /* Pods-CyxbsMobile2019_iOS.debug.xcconfig */;
			buildSettings = {
				ASSETCATALOG_COMPILER_APPICON_NAME = AppIcon;
				CODE_SIGN_STYLE = Automatic;
				DEVELOPMENT_TEAM = HPM8HVK7C6;
				GCC_PRECOMPILE_PREFIX_HEADER = YES;
				GCC_PREFIX_HEADER = "$(SRCROOT)/CyxbsMobile2019_iOS/PrefixHeader.pch";
				INFOPLIST_FILE = CyxbsMobile2019_iOS/Info.plist;
				IPHONEOS_DEPLOYMENT_TARGET = 9.0;
				LD_RUNPATH_SEARCH_PATHS = (
					"$(inherited)",
					"@executable_path/Frameworks",
				);
				PRODUCT_BUNDLE_IDENTIFIER = "com.mredrock.cyxbs.CyxbsMobile2019-iOS";
				PRODUCT_NAME = "掌上重邮";
				TARGETED_DEVICE_FAMILY = 1;
			};
			name = Debug;
		};
		1A9B7695235F50A900725937 /* Release */ = {
			isa = XCBuildConfiguration;
			baseConfigurationReference = F1ED110FF9C783A1A3234FBE /* Pods-CyxbsMobile2019_iOS.release.xcconfig */;
			buildSettings = {
				ASSETCATALOG_COMPILER_APPICON_NAME = AppIcon;
				CODE_SIGN_STYLE = Automatic;
				DEVELOPMENT_TEAM = HPM8HVK7C6;
				GCC_PRECOMPILE_PREFIX_HEADER = YES;
				GCC_PREFIX_HEADER = "$(SRCROOT)/CyxbsMobile2019_iOS/PrefixHeader.pch";
				INFOPLIST_FILE = CyxbsMobile2019_iOS/Info.plist;
				IPHONEOS_DEPLOYMENT_TARGET = 9.0;
				LD_RUNPATH_SEARCH_PATHS = (
					"$(inherited)",
					"@executable_path/Frameworks",
				);
				PRODUCT_BUNDLE_IDENTIFIER = "com.mredrock.cyxbs.CyxbsMobile2019-iOS";
				PRODUCT_NAME = "掌上重邮";
				TARGETED_DEVICE_FAMILY = 1;
			};
			name = Release;
		};
		1A9B7697235F50A900725937 /* Debug */ = {
			isa = XCBuildConfiguration;
			buildSettings = {
				BUNDLE_LOADER = "$(TEST_HOST)";
				CODE_SIGN_STYLE = Automatic;
				DEVELOPMENT_TEAM = HPM8HVK7C6;
				INFOPLIST_FILE = CyxbsMobile2019_iOSTests/Info.plist;
				LD_RUNPATH_SEARCH_PATHS = (
					"$(inherited)",
					"@executable_path/Frameworks",
					"@loader_path/Frameworks",
				);
				PRODUCT_BUNDLE_IDENTIFIER = "com.mredrock.cyxbs.CyxbsMobile2019-iOSTests";
				PRODUCT_NAME = "$(TARGET_NAME)";
				TARGETED_DEVICE_FAMILY = "1,2";
				TEST_HOST = "$(BUILT_PRODUCTS_DIR)/CyxbsMobile2019_iOS.app/CyxbsMobile2019_iOS";
			};
			name = Debug;
		};
		1A9B7698235F50A900725937 /* Release */ = {
			isa = XCBuildConfiguration;
			buildSettings = {
				BUNDLE_LOADER = "$(TEST_HOST)";
				CODE_SIGN_STYLE = Automatic;
				DEVELOPMENT_TEAM = HPM8HVK7C6;
				INFOPLIST_FILE = CyxbsMobile2019_iOSTests/Info.plist;
				LD_RUNPATH_SEARCH_PATHS = (
					"$(inherited)",
					"@executable_path/Frameworks",
					"@loader_path/Frameworks",
				);
				PRODUCT_BUNDLE_IDENTIFIER = "com.mredrock.cyxbs.CyxbsMobile2019-iOSTests";
				PRODUCT_NAME = "$(TARGET_NAME)";
				TARGETED_DEVICE_FAMILY = "1,2";
				TEST_HOST = "$(BUILT_PRODUCTS_DIR)/CyxbsMobile2019_iOS.app/CyxbsMobile2019_iOS";
			};
			name = Release;
		};
		1A9B769A235F50A900725937 /* Debug */ = {
			isa = XCBuildConfiguration;
			buildSettings = {
				CODE_SIGN_STYLE = Automatic;
				DEVELOPMENT_TEAM = HPM8HVK7C6;
				INFOPLIST_FILE = CyxbsMobile2019_iOSUITests/Info.plist;
				LD_RUNPATH_SEARCH_PATHS = (
					"$(inherited)",
					"@executable_path/Frameworks",
					"@loader_path/Frameworks",
				);
				PRODUCT_BUNDLE_IDENTIFIER = "com.mredrock.cyxbs.CyxbsMobile2019-iOSUITests";
				PRODUCT_NAME = "$(TARGET_NAME)";
				TARGETED_DEVICE_FAMILY = "1,2";
				TEST_TARGET_NAME = CyxbsMobile2019_iOS;
			};
			name = Debug;
		};
		1A9B769B235F50A900725937 /* Release */ = {
			isa = XCBuildConfiguration;
			buildSettings = {
				CODE_SIGN_STYLE = Automatic;
				DEVELOPMENT_TEAM = HPM8HVK7C6;
				INFOPLIST_FILE = CyxbsMobile2019_iOSUITests/Info.plist;
				LD_RUNPATH_SEARCH_PATHS = (
					"$(inherited)",
					"@executable_path/Frameworks",
					"@loader_path/Frameworks",
				);
				PRODUCT_BUNDLE_IDENTIFIER = "com.mredrock.cyxbs.CyxbsMobile2019-iOSUITests";
				PRODUCT_NAME = "$(TARGET_NAME)";
				TARGETED_DEVICE_FAMILY = "1,2";
				TEST_TARGET_NAME = CyxbsMobile2019_iOS;
			};
			name = Release;
		};
/* End XCBuildConfiguration section */

/* Begin XCConfigurationList section */
		1A9B7662235F50A600725937 /* Build configuration list for PBXProject "CyxbsMobile2019_iOS" */ = {
			isa = XCConfigurationList;
			buildConfigurations = (
				1A9B7691235F50A900725937 /* Debug */,
				1A9B7692235F50A900725937 /* Release */,
			);
			defaultConfigurationIsVisible = 0;
			defaultConfigurationName = Release;
		};
		1A9B7693235F50A900725937 /* Build configuration list for PBXNativeTarget "CyxbsMobile2019_iOS" */ = {
			isa = XCConfigurationList;
			buildConfigurations = (
				1A9B7694235F50A900725937 /* Debug */,
				1A9B7695235F50A900725937 /* Release */,
			);
			defaultConfigurationIsVisible = 0;
			defaultConfigurationName = Release;
		};
		1A9B7696235F50A900725937 /* Build configuration list for PBXNativeTarget "CyxbsMobile2019_iOSTests" */ = {
			isa = XCConfigurationList;
			buildConfigurations = (
				1A9B7697235F50A900725937 /* Debug */,
				1A9B7698235F50A900725937 /* Release */,
			);
			defaultConfigurationIsVisible = 0;
			defaultConfigurationName = Release;
		};
		1A9B7699235F50A900725937 /* Build configuration list for PBXNativeTarget "CyxbsMobile2019_iOSUITests" */ = {
			isa = XCConfigurationList;
			buildConfigurations = (
				1A9B769A235F50A900725937 /* Debug */,
				1A9B769B235F50A900725937 /* Release */,
			);
			defaultConfigurationIsVisible = 0;
			defaultConfigurationName = Release;
		};
/* End XCConfigurationList section */
	};
	rootObject = 1A9B765F235F50A600725937 /* Project object */;
}
