PODS:
  - AFNetworking (4.0.1):
    - AFNetworking/NSURLSession (= 4.0.1)
    - AFNetworking/Reachability (= 4.0.1)
    - AFNetworking/Security (= 4.0.1)
    - AFNetworking/Serialization (= 4.0.1)
    - AFNetworking/UIKit (= 4.0.1)
  - AFNetworking/NSURLSession (4.0.1):
    - AFNetworking/Reachability
    - AFNetworking/Security
    - AFNetworking/Serialization
  - AFNetworking/Reachability (4.0.1)
  - AFNetworking/Security (4.0.1)
  - AFNetworking/Serialization (4.0.1)
  - AFNetworking/UIKit (4.0.1):
    - AFNetworking/NSURLSession
  - Alamofire (5.5.0)
  - AMap3DMap-NO-IDFA (9.0.0):
    - AMapFoundation-NO-IDFA (~> 1.6.9)
  - AMapFoundation-NO-IDFA (1.6.9)
  - AMapLocation-NO-IDFA (2.8.0):
    - AMapFoundation-NO-IDFA (~> 1.6.9)
  - Bugly (2.5.91)
  - FluentDarkModeKit (1.0.4)
  - FMDB (2.7.5):
    - FMDB/standard (= 2.7.5)
  - FMDB/standard (2.7.5)
  - IGListDiffKit (4.0.0)
  - IGListKit (4.0.0):
    - IGListDiffKit (= 4.0.0)
  - IQKeyboardManager (6.5.9)
  - LookinServer (1.0.4)
  - Masonry (1.1.0)
  - MBProgressHUD (0.9.2)
  - MJExtension (3.4.1)
  - MJRefresh (3.7.5)
  - NudeIn (1.2.8)
  - RxCocoa (5.1.3):
    - RxRelay (~> 5)
    - RxSwift (~> 5)
  - RxRelay (5.1.3):
    - RxSwift (~> 5)
  - RxSwift (5.1.3)
  - SDCycleScrollView (1.82):
    - SDWebImage (>= 5.0.0)
  - SDWebImage (5.12.2):
    - SDWebImage/Core (= 5.12.2)
  - SDWebImage/Core (5.12.2)
  - SnapKit (5.0.1)
  - SQLiteRepairKit (1.2.2):
    - WCDBOptimizedSQLCipher (~> 1.2.0)
  - SwiftyJSON (4.3.0)
  - TZImagePickerController (3.3.2)
  - UMCAnalytics (6.0.5):
    - UMCCommon
  - UMCCommon (2.1.4)
  - UMCCommonLog (1.0.0)
  - UMCErrorCatch (1.0.0):
    - UMCCommon
  - UMCPush (3.2.5):
    - UMCCommon
  - UMCSecurityPlugins (1.0.6)
  - UMCShare/Core (6.9.10):
    - UMCCommon
  - UMCShare/Social/ReducedQQ (6.9.10):
    - UMCCommon
    - UMCShare/Core
  - UMCShare/Social/ReducedWeChat (6.9.10):
    - UMCCommon
    - UMCShare/Core
  - UMCShare/UI (6.9.10):
    - UMCCommon
    - UMCShare/Core
  - WCDB (1.0.7.5):
    - SQLiteRepairKit (~> 1.2.0)
    - WCDBOptimizedSQLCipher (~> 1.2.0)
  - WCDBOptimizedSQLCipher (1.2.1)
  - YBImageBrowser (3.0.9):
    - YBImageBrowser/Core (= 3.0.9)
  - YBImageBrowser/Core (3.0.9):
    - SDWebImage (>= 5.0.0)
    - YYImage
  - YYImage (1.0.4):
    - YYImage/Core (= 1.0.4)
  - YYImage/Core (1.0.4)
  - YYKit (1.0.9):
    - YYKit/no-arc (= 1.0.9)
  - YYKit/no-arc (1.0.9)

DEPENDENCIES:
  - AFNetworking
  - Alamofire (~> 5.2)
  - AMap3DMap-NO-IDFA
  - AMapLocation-NO-IDFA
  - Bugly
  - FluentDarkModeKit
  - FMDB
  - IGListKit
  - IQKeyboardManager
  - LookinServer
  - Masonry
  - MBProgressHUD (~> 0.9.2)
  - MJExtension
  - MJRefresh
  - NudeIn
  - RxCocoa (~> 5.1.1)
  - RxSwift (~> 5.1.1)
  - SDCycleScrollView
  - SDWebImage
  - SnapKit
  - SwiftyJSON (~> 4.0)
  - TZImagePickerController (~> 3.3.2)
  - UMCAnalytics (~> 6.0.5)
  - UMCCommon (~> 2.1.1)
  - UMCCommonLog (~> 1.0.0)
  - UMCErrorCatch (~> 1.0.0)
  - UMCPush (~> 3.2.4)
  - UMCSecurityPlugins (~> 1.0.6)
  - UMCShare/Social/ReducedQQ (~> 6.9.6)
  - UMCShare/Social/ReducedWeChat (~> 6.9.6)
  - UMCShare/UI (~> 6.9.6)
  - WCDB
  - YBImageBrowser
  - YYImage
  - YYKit

SPEC REPOS:
  https://mirrors.tuna.tsinghua.edu.cn/git/CocoaPods/Specs.git:
    - AFNetworking
    - Alamofire
    - AMap3DMap-NO-IDFA
    - AMapFoundation-NO-IDFA
    - AMapLocation-NO-IDFA
    - Bugly
    - FluentDarkModeKit
    - FMDB
    - IGListDiffKit
    - IGListKit
    - IQKeyboardManager
    - LookinServer
    - Masonry
    - MBProgressHUD
    - MJExtension
    - MJRefresh
    - NudeIn
    - RxCocoa
    - RxRelay
    - RxSwift
    - SDCycleScrollView
    - SDWebImage
    - SnapKit
    - SQLiteRepairKit
    - SwiftyJSON
    - TZImagePickerController
    - UMCAnalytics
    - UMCCommon
    - UMCCommonLog
    - UMCErrorCatch
    - UMCPush
    - UMCSecurityPlugins
    - UMCShare
    - WCDB
    - WCDBOptimizedSQLCipher
    - YBImageBrowser
    - YYImage
    - YYKit

SPEC CHECKSUMS:
  AFNetworking: 7864c38297c79aaca1500c33288e429c3451fdce
  Alamofire: 1c4fb5369c3fe93d2857c780d8bbe09f06f97e7c
  AMap3DMap-NO-IDFA: cd412831292adbfb27a9e1fe9c46a6762e838aac
  AMapFoundation-NO-IDFA: cc2ec7a2828ef292358ad594b7ee0ae21a7f097b
  AMapLocation-NO-IDFA: 9d7ec9b052405356600b59fe0a9a65261bacc54e
  Bugly: afe841bba2ea6de6d432a3c125240a5e75949c55
  FluentDarkModeKit: b6317653a00329564582884772ec57c4eaad1a1f
  FMDB: 2ce00b547f966261cd18927a3ddb07cb6f3db82a
  IGListDiffKit: 665d6cf43ce726e676013db9c7d6c4294259b6b2
  IGListKit: fd5a5d21935298f5849fa49d426843cff97b77c7
  IQKeyboardManager: 241cc94ccabc9deb8f8bd7d12f00d73288d13ecc
  LookinServer: 743c1681771d0a8dcc38825325a080c3186404a5
  Masonry: 678fab65091a9290e40e2832a55e7ab731aad201
  MBProgressHUD: 1569cf7ace17a8bac47aabfbb8580a49690386d1
  MJExtension: 21c5f6f8c4d5d8844b7ae8fbae08fed0b501f961
  MJRefresh: fdf5e979eb406a0341468932d1dfc8b7f9fce961
  NudeIn: e428b516a60a241d47c9d8882a8a00d0f42cfcb4
  RxCocoa: e2ed092d5432e4296aa818021d27de4090ac0354
  RxRelay: 5a18c2eb2d68326ebaf0112f80d837ae41b92b97
  RxSwift: 915abbdfb62214aa89ccd0b194d44fb478019b27
  SDCycleScrollView: a0d74c3384caa72bdfc81470bdbc8c14b3e1fbcf
  SDWebImage: 240e5c12b592fb1268c1d03b8c90d90e8c2ffe82
  SnapKit: 97b92857e3df3a0c71833cce143274bf6ef8e5eb
  SQLiteRepairKit: 35aaae5a8838adb85f5b1eb4d796055be6060a4b
  SwiftyJSON: 6faa0040f8b59dead0ee07436cbf76b73c08fd08
  TZImagePickerController: 36ca728ec681228918aa82e993aaab1962281b72
  UMCAnalytics: 045be2cd1ec05aa95ad62405a850757f932e2d59
  UMCCommon: b0703b0053323f598e01670ea702b8eb1e66e611
  UMCCommonLog: 05a2d5de21858e3d870551562cff405c1366d244
  UMCErrorCatch: 51f1b68f920233e90a3fa6d51f0456174507ec78
  UMCPush: 078b5818e0e47c4cf8ab42a5a30e8b54a0854077
  UMCSecurityPlugins: 0831a08f3988f3cea9f1d3a7626cd9bee4fef150
  UMCShare: a4a95fbdd61ecce5b6751d8c9ed9b519e80fcbc9
  WCDB: 8e90babdeb7784c569353a4bd22a66c0a175a882
  WCDBOptimizedSQLCipher: baf44493b0c7a3d49e97bc5b64a3856f6428ddd1
  YBImageBrowser: 7ecc8bf33ffa5f3b94c397c29b4f3638dd37f527
  YYImage: 1e1b62a9997399593e4b9c4ecfbbabbf1d3f3b54
  YYKit: 7cda43304a8dc3696c449041e2cb3107b4e236e7

PODFILE CHECKSUM: 8d140718e505e69e914c3699fc1d03f420f3087d

COCOAPODS: 1.11.2
