PODS:
  - AFNetworking (4.0.1):
    - AFNetworking/NSURLSession (= 4.0.1)
    - AFNetworking/Reachability (= 4.0.1)
    - AFNetworking/Security (= 4.0.1)
    - AFNetworking/Serialization (= 4.0.1)
    - AFNetworking/UIKit (= 4.0.1)
  - AFNetworking/NSURLSession (4.0.1):
    - AFNetworking/Reachability
    - AFNetworking/Security
    - AFNetworking/Serialization
  - AFNetworking/Reachability (4.0.1)
  - AFNetworking/Security (4.0.1)
  - AFNetworking/Serialization (4.0.1)
  - AFNetworking/UIKit (4.0.1):
    - AFNetworking/NSURLSession
  - Alamofire (5.8.0)
  - AMap3DMap-NO-IDFA (9.7.0):
    - AMapFoundation-NO-IDFA (>= 1.8.0)
  - AMapFoundation-NO-IDFA (1.8.2)
  - AMapLocation-NO-IDFA (2.10.0):
    - AMapFoundation-NO-IDFA (>= 1.8.0)
  - Bugly (2.5.93)
  - FluentDarkModeKit (1.0.4)
  - FMDB (2.7.5):
    - FMDB/standard (= 2.7.5)
  - FMDB/standard (2.7.5)
  - IGListDiffKit (4.0.0)
  - IGListKit (4.0.0):
    - IGListDiffKit (= 4.0.0)
  - IQKeyboardManager (6.5.12)
  - JXPagingView (2.1.2):
    - JXPagingView/Pager (= 2.1.2)
    - JXPagingView/Paging (= 2.1.2)
  - JXPagingView/Pager (2.1.2)
  - JXPagingView/Paging (2.1.2)
  - JXSegmentedView (1.3.0)
  - LookinServer (1.2.0):
    - LookinServer/Core (= 1.2.0)
  - LookinServer/Core (1.2.0)
  - Masonry (1.1.0)
  - MBProgressHUD (0.9.2)
  - MJExtension (3.4.1)
  - MJRefresh (3.7.5)
  - NudeIn (1.2.8)
  - ProgressHUD (2.70)
  - RxCocoa (5.1.3):
    - RxRelay (~> 5)
    - RxSwift (~> 5)
  - RxRelay (5.1.3):
    - RxSwift (~> 5)
  - RxSwift (5.1.3)
  - SDCycleScrollView (1.82):
    - SDWebImage (>= 5.0.0)
  - SDWebImage (5.18.1):
    - SDWebImage/Core (= 5.18.1)
  - SDWebImage/Core (5.18.1)
  - SnapKit (5.6.0)
  - SwiftyJSON (4.3.0)
  - TOCropViewController (2.6.1)
  - TZImagePickerController (3.3.2)
  - UMCAnalytics (6.0.5):
    - UMCCommon
  - UMCCommon (2.1.4)
  - UMCCommonLog (1.0.0)
  - UMCErrorCatch (1.0.0):
    - UMCCommon
  - UMCPush (3.2.5):
    - UMCCommon
  - UMCSecurityPlugins (1.0.6)
  - UMCShare/Core (6.9.10):
    - UMCCommon
  - UMCShare/Social/ReducedQQ (6.9.10):
    - UMCCommon
    - UMCShare/Core
  - UMCShare/Social/ReducedWeChat (6.9.10):
    - UMCCommon
    - UMCShare/Core
  - UMCShare/UI (6.9.10):
    - UMCCommon
    - UMCShare/Core
  - WCDB (2.0.4):
    - WCDB/no-arc (= 2.0.4)
    - WCDBOptimizedSQLCipher (~> 1.4.2)
  - WCDB/no-arc (2.0.4):
    - WCDBOptimizedSQLCipher (~> 1.4.2)
  - WCDBOptimizedSQLCipher (1.4.2)
  - YBImageBrowser (3.0.9):
    - YBImageBrowser/Core (= 3.0.9)
  - YBImageBrowser/Core (3.0.9):
    - SDWebImage (>= 5.0.0)
    - YYImage
  - YYImage (1.0.4):
    - YYImage/Core (= 1.0.4)
  - YYImage/Core (1.0.4)
  - YYKit (1.0.9):
    - YYKit/no-arc (= 1.0.9)
  - YYKit/no-arc (1.0.9)

DEPENDENCIES:
  - AFNetworking
  - Alamofire (~> 5.2)
  - AMap3DMap-NO-IDFA
  - AMapLocation-NO-IDFA
  - Bugly
  - FluentDarkModeKit
  - FMDB
  - IGListKit
  - IQKeyboardManager
  - JXPagingView
  - JXSegmentedView
  - LookinServer
  - Masonry
  - MBProgressHUD (~> 0.9.2)
  - MJExtension
  - MJRefresh
  - NudeIn
  - ProgressHUD
  - RxCocoa (~> 5.1.1)
  - RxSwift (~> 5.1.1)
  - SDCycleScrollView
  - SDWebImage
  - SnapKit
  - SwiftyJSON (~> 4.0)
  - TOCropViewController
  - TZImagePickerController (~> 3.3.2)
  - UMCAnalytics (~> 6.0.5)
  - UMCCommon (~> 2.1.1)
  - UMCCommonLog (~> 1.0.0)
  - UMCErrorCatch (~> 1.0.0)
  - UMCPush (~> 3.2.4)
  - UMCSecurityPlugins (~> 1.0.6)
  - UMCShare/Social/ReducedQQ (~> 6.9.6)
  - UMCShare/Social/ReducedWeChat (~> 6.9.6)
  - UMCShare/UI (~> 6.9.6)
  - WCDB
  - YBImageBrowser
  - YYImage
  - YYKit

SPEC REPOS:
  https://mirrors.tuna.tsinghua.edu.cn/git/CocoaPods/Specs.git:
    - AFNetworking
    - Alamofire
    - AMap3DMap-NO-IDFA
    - AMapFoundation-NO-IDFA
    - AMapLocation-NO-IDFA
    - Bugly
    - FluentDarkModeKit
    - FMDB
    - IGListDiffKit
    - IGListKit
    - IQKeyboardManager
    - JXPagingView
    - JXSegmentedView
    - LookinServer
    - Masonry
    - MBProgressHUD
    - MJExtension
    - MJRefresh
    - NudeIn
    - ProgressHUD
    - RxCocoa
    - RxRelay
    - RxSwift
    - SDCycleScrollView
    - SDWebImage
    - SnapKit
    - SwiftyJSON
    - TOCropViewController
    - TZImagePickerController
    - UMCAnalytics
    - UMCCommon
    - UMCCommonLog
    - UMCErrorCatch
    - UMCPush
    - UMCSecurityPlugins
    - UMCShare
    - WCDB
    - WCDBOptimizedSQLCipher
    - YBImageBrowser
    - YYImage
    - YYKit

SPEC CHECKSUMS:
  AFNetworking: 3bd23d814e976cd148d7d44c3ab78017b744cd58
  Alamofire: 0e92e751b3e9e66d7982db43919d01f313b8eb91
  AMap3DMap-NO-IDFA: a3516859f2e82eda9fe9309c57d862f1543c2de4
  AMapFoundation-NO-IDFA: 6ce0ef596d4eb8d934ff498e56747b6de1247b05
  AMapLocation-NO-IDFA: 735791aeb1ba52dff666e4158b86caf4b68b5be7
  Bugly: b8715e6ec4004b7f7fbffab0643ba80545aee3da
  FluentDarkModeKit: b6317653a00329564582884772ec57c4eaad1a1f
  FMDB: 2ce00b547f966261cd18927a3ddb07cb6f3db82a
  IGListDiffKit: 665d6cf43ce726e676013db9c7d6c4294259b6b2
  IGListKit: fd5a5d21935298f5849fa49d426843cff97b77c7
  IQKeyboardManager: b1fd66ccf7a79095bdcc4a2735231586f744216e
  JXPagingView: 90924b364a2ff7e94db534fad1fa50925ff69ee4
  JXSegmentedView: fec0d335355b6e019c494fe2e030bde8a36d2df6
  LookinServer: ce23c367d54d255209752ff27d05b9afffbb609c
  Masonry: 678fab65091a9290e40e2832a55e7ab731aad201
  MBProgressHUD: 1569cf7ace17a8bac47aabfbb8580a49690386d1
  MJExtension: 21c5f6f8c4d5d8844b7ae8fbae08fed0b501f961
  MJRefresh: fdf5e979eb406a0341468932d1dfc8b7f9fce961
  NudeIn: e428b516a60a241d47c9d8882a8a00d0f42cfcb4
  ProgressHUD: e603e8b8622c47d8818b9fb38b3cfe9d3e7ca421
  RxCocoa: e2ed092d5432e4296aa818021d27de4090ac0354
  RxRelay: 5a18c2eb2d68326ebaf0112f80d837ae41b92b97
  RxSwift: 915abbdfb62214aa89ccd0b194d44fb478019b27
  SDCycleScrollView: a0d74c3384caa72bdfc81470bdbc8c14b3e1fbcf
  SDWebImage: ebdbcebc7933a45226d9313bd0118bc052ad458b
  SnapKit: e01d52ebb8ddbc333eefe2132acf85c8227d9c25
  SwiftyJSON: 6faa0040f8b59dead0ee07436cbf76b73c08fd08
  TOCropViewController: edfd4f25713d56905ad1e0b9f5be3fbe0f59c863
  TZImagePickerController: 36ca728ec681228918aa82e993aaab1962281b72
  UMCAnalytics: 045be2cd1ec05aa95ad62405a850757f932e2d59
  UMCCommon: b0703b0053323f598e01670ea702b8eb1e66e611
  UMCCommonLog: 05a2d5de21858e3d870551562cff405c1366d244
  UMCErrorCatch: 51f1b68f920233e90a3fa6d51f0456174507ec78
  UMCPush: 078b5818e0e47c4cf8ab42a5a30e8b54a0854077
  UMCSecurityPlugins: 0831a08f3988f3cea9f1d3a7626cd9bee4fef150
  UMCShare: a4a95fbdd61ecce5b6751d8c9ed9b519e80fcbc9
  WCDB: 689203444d152727f50c37b6709239afa0ea6441
  WCDBOptimizedSQLCipher: ef2be79fed278289a309ad0d4d707c55bf166d6d
  YBImageBrowser: 7ecc8bf33ffa5f3b94c397c29b4f3638dd37f527
  YYImage: 1e1b62a9997399593e4b9c4ecfbbabbf1d3f3b54
  YYKit: 7cda43304a8dc3696c449041e2cb3107b4e236e7

PODFILE CHECKSUM: de34f09bd4dd8866f50a9820b42f6e21742b1eb6

COCOAPODS: 1.12.1
